// !$*UTF8*$!
{
	archiveVersion = 1;
	classes = {
	};
	objectVersion = 46;
	objects = {

/* Begin PBXBuildFile section */
		048F72711D16408E007D2D2B /* FenZuModel.m in Sources */ = {isa = PBXBuildFile; fileRef = 048F72701D16408E007D2D2B /* FenZuModel.m */; };
		04C5AB901D0C085300A78EAE /* main.m in Sources */ = {isa = PBXBuildFile; fileRef = 04C5AB8F1D0C085300A78EAE /* main.m */; };
		04C5AB931D0C085300A78EAE /* AppDelegate.m in Sources */ = {isa = PBXBuildFile; fileRef = 04C5AB921D0C085300A78EAE /* AppDelegate.m */; };
		04C5AB961D0C085300A78EAE /* ViewController.m in Sources */ = {isa = PBXBuildFile; fileRef = 04C5AB951D0C085300A78EAE /* ViewController.m */; };
		04C5AB991D0C085300A78EAE /* Main.storyboard in Resources */ = {isa = PBXBuildFile; fileRef = 04C5AB971D0C085300A78EAE /* Main.storyboard */; };
		04C5AB9B1D0C085300A78EAE /* Assets.xcassets in Resources */ = {isa = PBXBuildFile; fileRef = 04C5AB9A1D0C085300A78EAE /* Assets.xcassets */; };
		04C5AB9E1D0C085300A78EAE /* LaunchScreen.storyboard in Resources */ = {isa = PBXBuildFile; fileRef = 04C5AB9C1D0C085300A78EAE /* LaunchScreen.storyboard */; };
		04C5ABCB1D0C099000A78EAE /* AFHTTPSessionManager.m in Sources */ = {isa = PBXBuildFile; fileRef = 04C5ABAA1D0C099000A78EAE /* AFHTTPSessionManager.m */; };
		04C5ABCC1D0C099000A78EAE /* AFNetworkReachabilityManager.m in Sources */ = {isa = PBXBuildFile; fileRef = 04C5ABAD1D0C099000A78EAE /* AFNetworkReachabilityManager.m */; };
		04C5ABCD1D0C099000A78EAE /* AFSecurityPolicy.m in Sources */ = {isa = PBXBuildFile; fileRef = 04C5ABAF1D0C099000A78EAE /* AFSecurityPolicy.m */; };
		04C5ABCE1D0C099000A78EAE /* AFURLRequestSerialization.m in Sources */ = {isa = PBXBuildFile; fileRef = 04C5ABB11D0C099000A78EAE /* AFURLRequestSerialization.m */; };
		04C5ABCF1D0C099000A78EAE /* AFURLResponseSerialization.m in Sources */ = {isa = PBXBuildFile; fileRef = 04C5ABB31D0C099000A78EAE /* AFURLResponseSerialization.m */; };
		04C5ABD01D0C099000A78EAE /* AFURLSessionManager.m in Sources */ = {isa = PBXBuildFile; fileRef = 04C5ABB51D0C099000A78EAE /* AFURLSessionManager.m */; };
		04C5ABD11D0C099000A78EAE /* AFAutoPurgingImageCache.m in Sources */ = {isa = PBXBuildFile; fileRef = 04C5ABB81D0C099000A78EAE /* AFAutoPurgingImageCache.m */; };
		04C5ABD21D0C099000A78EAE /* AFImageDownloader.m in Sources */ = {isa = PBXBuildFile; fileRef = 04C5ABBA1D0C099000A78EAE /* AFImageDownloader.m */; };
		04C5ABD31D0C099000A78EAE /* AFNetworkActivityIndicatorManager.m in Sources */ = {isa = PBXBuildFile; fileRef = 04C5ABBC1D0C099000A78EAE /* AFNetworkActivityIndicatorManager.m */; };
		04C5ABD41D0C099000A78EAE /* UIActivityIndicatorView+AFNetworking.m in Sources */ = {isa = PBXBuildFile; fileRef = 04C5ABBE1D0C099000A78EAE /* UIActivityIndicatorView+AFNetworking.m */; };
		04C5ABD51D0C099000A78EAE /* UIButton+AFNetworking.m in Sources */ = {isa = PBXBuildFile; fileRef = 04C5ABC01D0C099000A78EAE /* UIButton+AFNetworking.m */; };
		04C5ABD61D0C099000A78EAE /* UIImageView+AFNetworking.m in Sources */ = {isa = PBXBuildFile; fileRef = 04C5ABC31D0C099000A78EAE /* UIImageView+AFNetworking.m */; };
		04C5ABD71D0C099000A78EAE /* UIProgressView+AFNetworking.m in Sources */ = {isa = PBXBuildFile; fileRef = 04C5ABC61D0C099000A78EAE /* UIProgressView+AFNetworking.m */; };
		04C5ABD81D0C099000A78EAE /* UIRefreshControl+AFNetworking.m in Sources */ = {isa = PBXBuildFile; fileRef = 04C5ABC81D0C099000A78EAE /* UIRefreshControl+AFNetworking.m */; };
		04C5ABD91D0C099000A78EAE /* UIWebView+AFNetworking.m in Sources */ = {isa = PBXBuildFile; fileRef = 04C5ABCA1D0C099000A78EAE /* UIWebView+AFNetworking.m */; };
		04C5ABDD1D0C0B1000A78EAE /* webC.m in Sources */ = {isa = PBXBuildFile; fileRef = 04C5ABDC1D0C0B1000A78EAE /* webC.m */; };
		04C5ABE11D0C0F6B00A78EAE /* ZhangjieModel.m in Sources */ = {isa = PBXBuildFile; fileRef = 04C5ABE01D0C0F6B00A78EAE /* ZhangjieModel.m */; };
		7C1BC67521C8C35100C73FE3 /* icons_back_white.png in Resources */ = {isa = PBXBuildFile; fileRef = 7C1BC67421C8C35100C73FE3 /* icons_back_white.png */; };
		7C1BC69421CA962100C73FE3 /* UIScrollView+JHExtension.m in Sources */ = {isa = PBXBuildFile; fileRef = 7C1BC67C21CA962000C73FE3 /* UIScrollView+JHExtension.m */; };
		7C1BC69521CA962100C73FE3 /* JHRefreshConfig.m in Sources */ = {isa = PBXBuildFile; fileRef = 7C1BC67F21CA962000C73FE3 /* JHRefreshConfig.m */; };
		7C1BC69621CA962100C73FE3 /* UIView+JHExtension.m in Sources */ = {isa = PBXBuildFile; fileRef = 7C1BC68121CA962000C73FE3 /* UIView+JHExtension.m */; };
		7C1BC69721CA962100C73FE3 /* JHRefreshFooterView.m in Sources */ = {isa = PBXBuildFile; fileRef = 7C1BC68221CA962000C73FE3 /* JHRefreshFooterView.m */; };
		7C1BC69821CA962100C73FE3 /* JHRefreshBaseView.m in Sources */ = {isa = PBXBuildFile; fileRef = 7C1BC68321CA962000C73FE3 /* JHRefreshBaseView.m */; };
		7C1BC69921CA962100C73FE3 /* JHRefreshCommonAniView.m in Sources */ = {isa = PBXBuildFile; fileRef = 7C1BC68921CA962000C73FE3 /* JHRefreshCommonAniView.m */; };
		7C1BC69A21CA962100C73FE3 /* JHRefreshAniBaseView.m in Sources */ = {isa = PBXBuildFile; fileRef = 7C1BC68A21CA962000C73FE3 /* JHRefreshAniBaseView.m */; };
		7C1BC69B21CA962100C73FE3 /* JHRefreshAmazingAniView.m in Sources */ = {isa = PBXBuildFile; fileRef = 7C1BC68B21CA962000C73FE3 /* JHRefreshAmazingAniView.m */; };
		7C1BC69C21CA962100C73FE3 /* JHRefreshHeaderView.m in Sources */ = {isa = PBXBuildFile; fileRef = 7C1BC68C21CA962000C73FE3 /* JHRefreshHeaderView.m */; };
		7C1BC69D21CA962100C73FE3 /* UIScrollView+JHRefresh.m in Sources */ = {isa = PBXBuildFile; fileRef = 7C1BC68F21CA962000C73FE3 /* UIScrollView+JHRefresh.m */; };
		7C1BC69E21CA962100C73FE3 /* JHRefresh.bundle in Resources */ = {isa = PBXBuildFile; fileRef = 7C1BC69221CA962000C73FE3 /* JHRefresh.bundle */; };
		7C1BC6A121CABD3900C73FE3 /* Person.m in Sources */ = {isa = PBXBuildFile; fileRef = 7C1BC6A021CABD3900C73FE3 /* Person.m */; };
		7C1BC6A421CABD4C00C73FE3 /* HomeViewController.m in Sources */ = {isa = PBXBuildFile; fileRef = 7C1BC6A321CABD4C00C73FE3 /* HomeViewController.m */; };
		7C1BC6A721CABD5C00C73FE3 /* SecondViewController.m in Sources */ = {isa = PBXBuildFile; fileRef = 7C1BC6A621CABD5C00C73FE3 /* SecondViewController.m */; };
		7C603C8F2292BB5400840510 /* 23.html in Resources */ = {isa = PBXBuildFile; fileRef = 7C603C552292BB5300840510 /* 23.html */; };
		7C603C902292BB5400840510 /* 35.html in Resources */ = {isa = PBXBuildFile; fileRef = 7C603C562292BB5300840510 /* 35.html */; };
		7C603C912292BB5400840510 /* 9.html in Resources */ = {isa = PBXBuildFile; fileRef = 7C603C572292BB5300840510 /* 9.html */; };
		7C603C922292BB5400840510 /* 19.html in Resources */ = {isa = PBXBuildFile; fileRef = 7C603C582292BB5300840510 /* 19.html */; };
		7C603C932292BB5400840510 /* 39.html in Resources */ = {isa = PBXBuildFile; fileRef = 7C603C592292BB5300840510 /* 39.html */; };
		7C603C942292BB5400840510 /* 5.html in Resources */ = {isa = PBXBuildFile; fileRef = 7C603C5A2292BB5300840510 /* 5.html */; };
		7C603C952292BB5400840510 /* 15.html in Resources */ = {isa = PBXBuildFile; fileRef = 7C603C5B2292BB5300840510 /* 15.html */; };
		7C603C962292BB5400840510 /* 42.html in Resources */ = {isa = PBXBuildFile; fileRef = 7C603C5C2292BB5300840510 /* 42.html */; };
		7C603C972292BB5400840510 /* 54.html in Resources */ = {isa = PBXBuildFile; fileRef = 7C603C5D2292BB5300840510 /* 54.html */; };
		7C603C982292BB5400840510 /* 55.html in Resources */ = {isa = PBXBuildFile; fileRef = 7C603C5E2292BB5300840510 /* 55.html */; };
		7C603C992292BB5400840510 /* 43.html in Resources */ = {isa = PBXBuildFile; fileRef = 7C603C5F2292BB5300840510 /* 43.html */; };
		7C603C9A2292BB5400840510 /* 14.html in Resources */ = {isa = PBXBuildFile; fileRef = 7C603C602292BB5300840510 /* 14.html */; };
		7C603C9B2292BB5400840510 /* 4.html in Resources */ = {isa = PBXBuildFile; fileRef = 7C603C612292BB5300840510 /* 4.html */; };
		7C603C9C2292BB5400840510 /* 38.html in Resources */ = {isa = PBXBuildFile; fileRef = 7C603C622292BB5300840510 /* 38.html */; };
		7C603C9D2292BB5400840510 /* 18.html in Resources */ = {isa = PBXBuildFile; fileRef = 7C603C632292BB5300840510 /* 18.html */; };
		7C603C9E2292BB5400840510 /* 8.html in Resources */ = {isa = PBXBuildFile; fileRef = 7C603C642292BB5300840510 /* 8.html */; };
		7C603C9F2292BB5400840510 /* 34.html in Resources */ = {isa = PBXBuildFile; fileRef = 7C603C652292BB5300840510 /* 34.html */; };
		7C603CA02292BB5400840510 /* 22.html in Resources */ = {isa = PBXBuildFile; fileRef = 7C603C662292BB5300840510 /* 22.html */; };
		7C603CA12292BB5400840510 /* 29.html in Resources */ = {isa = PBXBuildFile; fileRef = 7C603C672292BB5300840510 /* 29.html */; };
		7C603CA22292BB5400840510 /* 3.html in Resources */ = {isa = PBXBuildFile; fileRef = 7C603C682292BB5300840510 /* 3.html */; };
		7C603CA32292BB5400840510 /* 13.html in Resources */ = {isa = PBXBuildFile; fileRef = 7C603C692292BB5300840510 /* 13.html */; };
		7C603CA42292BB5400840510 /* 44.html in Resources */ = {isa = PBXBuildFile; fileRef = 7C603C6A2292BB5300840510 /* 44.html */; };
		7C603CA52292BB5400840510 /* 52.html in Resources */ = {isa = PBXBuildFile; fileRef = 7C603C6B2292BB5300840510 /* 52.html */; };
		7C603CA62292BB5400840510 /* 25.html in Resources */ = {isa = PBXBuildFile; fileRef = 7C603C6C2292BB5300840510 /* 25.html */; };
		7C603CA72292BB5400840510 /* 33.html in Resources */ = {isa = PBXBuildFile; fileRef = 7C603C6D2292BB5300840510 /* 33.html */; };
		7C603CA82292BB5400840510 /* hi.html in Resources */ = {isa = PBXBuildFile; fileRef = 7C603C6E2292BB5300840510 /* hi.html */; };
		7C603CA92292BB5400840510 /* 48.html in Resources */ = {isa = PBXBuildFile; fileRef = 7C603C6F2292BB5300840510 /* 48.html */; };
		7C603CAA2292BB5400840510 /* 49.html in Resources */ = {isa = PBXBuildFile; fileRef = 7C603C702292BB5300840510 /* 49.html */; };
		7C603CAB2292BB5400840510 /* 32.html in Resources */ = {isa = PBXBuildFile; fileRef = 7C603C712292BB5300840510 /* 32.html */; };
		7C603CAC2292BB5400840510 /* 24.html in Resources */ = {isa = PBXBuildFile; fileRef = 7C603C722292BB5300840510 /* 24.html */; };
		7C603CAD2292BB5400840510 /* 53.html in Resources */ = {isa = PBXBuildFile; fileRef = 7C603C732292BB5300840510 /* 53.html */; };
		7C603CAE2292BB5400840510 /* 45.html in Resources */ = {isa = PBXBuildFile; fileRef = 7C603C742292BB5300840510 /* 45.html */; };
		7C603CAF2292BB5400840510 /* 12.html in Resources */ = {isa = PBXBuildFile; fileRef = 7C603C752292BB5300840510 /* 12.html */; };
		7C603CB02292BB5400840510 /* 2.html in Resources */ = {isa = PBXBuildFile; fileRef = 7C603C762292BB5300840510 /* 2.html */; };
		7C603CB12292BB5400840510 /* 28.html in Resources */ = {isa = PBXBuildFile; fileRef = 7C603C772292BB5300840510 /* 28.html */; };
		7C603CB22292BB5400840510 /* 50.html in Resources */ = {isa = PBXBuildFile; fileRef = 7C603C782292BB5300840510 /* 50.html */; };
		7C603CB32292BB5400840510 /* 46.html in Resources */ = {isa = PBXBuildFile; fileRef = 7C603C792292BB5300840510 /* 46.html */; };
		7C603CB42292BB5400840510 /* 11.html in Resources */ = {isa = PBXBuildFile; fileRef = 7C603C7A2292BB5300840510 /* 11.html */; };
		7C603CB52292BB5400840510 /* 1.html in Resources */ = {isa = PBXBuildFile; fileRef = 7C603C7B2292BB5300840510 /* 1.html */; };
		7C603CB62292BB5400840510 /* 31.html in Resources */ = {isa = PBXBuildFile; fileRef = 7C603C7C2292BB5300840510 /* 31.html */; };
		7C603CB72292BB5400840510 /* 27.html in Resources */ = {isa = PBXBuildFile; fileRef = 7C603C7D2292BB5300840510 /* 27.html */; };
		7C603CB82292BB5400840510 /* 26.html in Resources */ = {isa = PBXBuildFile; fileRef = 7C603C7E2292BB5300840510 /* 26.html */; };
		7C603CB92292BB5400840510 /* 30.html in Resources */ = {isa = PBXBuildFile; fileRef = 7C603C7F2292BB5300840510 /* 30.html */; };
		7C603CBA2292BB5400840510 /* 10.html in Resources */ = {isa = PBXBuildFile; fileRef = 7C603C802292BB5300840510 /* 10.html */; };
		7C603CBB2292BB5400840510 /* 47.html in Resources */ = {isa = PBXBuildFile; fileRef = 7C603C812292BB5300840510 /* 47.html */; };
		7C603CBC2292BB5400840510 /* 51.html in Resources */ = {isa = PBXBuildFile; fileRef = 7C603C822292BB5300840510 /* 51.html */; };
		7C603CBD2292BB5400840510 /* 37.html in Resources */ = {isa = PBXBuildFile; fileRef = 7C603C832292BB5300840510 /* 37.html */; };
		7C603CBE2292BB5400840510 /* 21.html in Resources */ = {isa = PBXBuildFile; fileRef = 7C603C842292BB5300840510 /* 21.html */; };
		7C603CBF2292BB5400840510 /* 56.html in Resources */ = {isa = PBXBuildFile; fileRef = 7C603C852292BB5300840510 /* 56.html */; };
		7C603CC02292BB5400840510 /* 40.html in Resources */ = {isa = PBXBuildFile; fileRef = 7C603C862292BB5300840510 /* 40.html */; };
		7C603CC12292BB5400840510 /* 17.html in Resources */ = {isa = PBXBuildFile; fileRef = 7C603C872292BB5300840510 /* 17.html */; };
		7C603CC22292BB5400840510 /* 7.html in Resources */ = {isa = PBXBuildFile; fileRef = 7C603C882292BB5300840510 /* 7.html */; };
		7C603CC32292BB5400840510 /* 6.html in Resources */ = {isa = PBXBuildFile; fileRef = 7C603C892292BB5300840510 /* 6.html */; };
		7C603CC42292BB5400840510 /* 16.html in Resources */ = {isa = PBXBuildFile; fileRef = 7C603C8A2292BB5300840510 /* 16.html */; };
		7C603CC52292BB5400840510 /* 41.html in Resources */ = {isa = PBXBuildFile; fileRef = 7C603C8B2292BB5300840510 /* 41.html */; };
		7C603CC62292BB5400840510 /* 57.html in Resources */ = {isa = PBXBuildFile; fileRef = 7C603C8C2292BB5300840510 /* 57.html */; };
		7C603CC72292BB5400840510 /* 20.html in Resources */ = {isa = PBXBuildFile; fileRef = 7C603C8D2292BB5300840510 /* 20.html */; };
		7C603CC82292BB5400840510 /* 36.html in Resources */ = {isa = PBXBuildFile; fileRef = 7C603C8E2292BB5300840510 /* 36.html */; };
/* End PBXBuildFile section */

/* Begin PBXFileReference section */
		048F726F1D16408E007D2D2B /* FenZuModel.h */ = {isa = PBXFileReference; fileEncoding = 4; lastKnownFileType = sourcecode.c.h; path = FenZuModel.h; sourceTree = "<group>"; };
		048F72701D16408E007D2D2B /* FenZuModel.m */ = {isa = PBXFileReference; fileEncoding = 4; lastKnownFileType = sourcecode.c.objc; path = FenZuModel.m; sourceTree = "<group>"; };
		04C5AB8B1D0C085300A78EAE /* C-course.app */ = {isa = PBXFileReference; explicitFileType = wrapper.application; includeInIndex = 0; path = "C-course.app"; sourceTree = BUILT_PRODUCTS_DIR; };
		04C5AB8F1D0C085300A78EAE /* main.m */ = {isa = PBXFileReference; lastKnownFileType = sourcecode.c.objc; path = main.m; sourceTree = "<group>"; };
		04C5AB911D0C085300A78EAE /* AppDelegate.h */ = {isa = PBXFileReference; lastKnownFileType = sourcecode.c.h; path = AppDelegate.h; sourceTree = "<group>"; };
		04C5AB921D0C085300A78EAE /* AppDelegate.m */ = {isa = PBXFileReference; lastKnownFileType = sourcecode.c.objc; path = AppDelegate.m; sourceTree = "<group>"; };
		04C5AB941D0C085300A78EAE /* ViewController.h */ = {isa = PBXFileReference; lastKnownFileType = sourcecode.c.h; path = ViewController.h; sourceTree = "<group>"; };
		04C5AB951D0C085300A78EAE /* ViewController.m */ = {isa = PBXFileReference; lastKnownFileType = sourcecode.c.objc; path = ViewController.m; sourceTree = "<group>"; };
		04C5AB981D0C085300A78EAE /* Base */ = {isa = PBXFileReference; lastKnownFileType = file.storyboard; name = Base; path = Base.lproj/Main.storyboard; sourceTree = "<group>"; };
		04C5AB9A1D0C085300A78EAE /* Assets.xcassets */ = {isa = PBXFileReference; lastKnownFileType = folder.assetcatalog; path = Assets.xcassets; sourceTree = "<group>"; };
		04C5AB9D1D0C085300A78EAE /* Base */ = {isa = PBXFileReference; lastKnownFileType = file.storyboard; name = Base; path = Base.lproj/LaunchScreen.storyboard; sourceTree = "<group>"; };
		04C5AB9F1D0C085300A78EAE /* Info.plist */ = {isa = PBXFileReference; lastKnownFileType = text.plist.xml; path = Info.plist; sourceTree = "<group>"; };
		04C5ABA91D0C099000A78EAE /* AFHTTPSessionManager.h */ = {isa = PBXFileReference; fileEncoding = 4; lastKnownFileType = sourcecode.c.h; path = AFHTTPSessionManager.h; sourceTree = "<group>"; };
		04C5ABAA1D0C099000A78EAE /* AFHTTPSessionManager.m */ = {isa = PBXFileReference; fileEncoding = 4; lastKnownFileType = sourcecode.c.objc; path = AFHTTPSessionManager.m; sourceTree = "<group>"; };
		04C5ABAB1D0C099000A78EAE /* AFNetworking.h */ = {isa = PBXFileReference; fileEncoding = 4; lastKnownFileType = sourcecode.c.h; path = AFNetworking.h; sourceTree = "<group>"; };
		04C5ABAC1D0C099000A78EAE /* AFNetworkReachabilityManager.h */ = {isa = PBXFileReference; fileEncoding = 4; lastKnownFileType = sourcecode.c.h; path = AFNetworkReachabilityManager.h; sourceTree = "<group>"; };
		04C5ABAD1D0C099000A78EAE /* AFNetworkReachabilityManager.m */ = {isa = PBXFileReference; fileEncoding = 4; lastKnownFileType = sourcecode.c.objc; path = AFNetworkReachabilityManager.m; sourceTree = "<group>"; };
		04C5ABAE1D0C099000A78EAE /* AFSecurityPolicy.h */ = {isa = PBXFileReference; fileEncoding = 4; lastKnownFileType = sourcecode.c.h; path = AFSecurityPolicy.h; sourceTree = "<group>"; };
		04C5ABAF1D0C099000A78EAE /* AFSecurityPolicy.m */ = {isa = PBXFileReference; fileEncoding = 4; lastKnownFileType = sourcecode.c.objc; path = AFSecurityPolicy.m; sourceTree = "<group>"; };
		04C5ABB01D0C099000A78EAE /* AFURLRequestSerialization.h */ = {isa = PBXFileReference; fileEncoding = 4; lastKnownFileType = sourcecode.c.h; path = AFURLRequestSerialization.h; sourceTree = "<group>"; };
		04C5ABB11D0C099000A78EAE /* AFURLRequestSerialization.m */ = {isa = PBXFileReference; fileEncoding = 4; lastKnownFileType = sourcecode.c.objc; path = AFURLRequestSerialization.m; sourceTree = "<group>"; };
		04C5ABB21D0C099000A78EAE /* AFURLResponseSerialization.h */ = {isa = PBXFileReference; fileEncoding = 4; lastKnownFileType = sourcecode.c.h; path = AFURLResponseSerialization.h; sourceTree = "<group>"; };
		04C5ABB31D0C099000A78EAE /* AFURLResponseSerialization.m */ = {isa = PBXFileReference; fileEncoding = 4; lastKnownFileType = sourcecode.c.objc; path = AFURLResponseSerialization.m; sourceTree = "<group>"; };
		04C5ABB41D0C099000A78EAE /* AFURLSessionManager.h */ = {isa = PBXFileReference; fileEncoding = 4; lastKnownFileType = sourcecode.c.h; path = AFURLSessionManager.h; sourceTree = "<group>"; };
		04C5ABB51D0C099000A78EAE /* AFURLSessionManager.m */ = {isa = PBXFileReference; fileEncoding = 4; lastKnownFileType = sourcecode.c.objc; path = AFURLSessionManager.m; sourceTree = "<group>"; };
		04C5ABB71D0C099000A78EAE /* AFAutoPurgingImageCache.h */ = {isa = PBXFileReference; fileEncoding = 4; lastKnownFileType = sourcecode.c.h; path = AFAutoPurgingImageCache.h; sourceTree = "<group>"; };
		04C5ABB81D0C099000A78EAE /* AFAutoPurgingImageCache.m */ = {isa = PBXFileReference; fileEncoding = 4; lastKnownFileType = sourcecode.c.objc; path = AFAutoPurgingImageCache.m; sourceTree = "<group>"; };
		04C5ABB91D0C099000A78EAE /* AFImageDownloader.h */ = {isa = PBXFileReference; fileEncoding = 4; lastKnownFileType = sourcecode.c.h; path = AFImageDownloader.h; sourceTree = "<group>"; };
		04C5ABBA1D0C099000A78EAE /* AFImageDownloader.m */ = {isa = PBXFileReference; fileEncoding = 4; lastKnownFileType = sourcecode.c.objc; path = AFImageDownloader.m; sourceTree = "<group>"; };
		04C5ABBB1D0C099000A78EAE /* AFNetworkActivityIndicatorManager.h */ = {isa = PBXFileReference; fileEncoding = 4; lastKnownFileType = sourcecode.c.h; path = AFNetworkActivityIndicatorManager.h; sourceTree = "<group>"; };
		04C5ABBC1D0C099000A78EAE /* AFNetworkActivityIndicatorManager.m */ = {isa = PBXFileReference; fileEncoding = 4; lastKnownFileType = sourcecode.c.objc; path = AFNetworkActivityIndicatorManager.m; sourceTree = "<group>"; };
		04C5ABBD1D0C099000A78EAE /* UIActivityIndicatorView+AFNetworking.h */ = {isa = PBXFileReference; fileEncoding = 4; lastKnownFileType = sourcecode.c.h; path = "UIActivityIndicatorView+AFNetworking.h"; sourceTree = "<group>"; };
		04C5ABBE1D0C099000A78EAE /* UIActivityIndicatorView+AFNetworking.m */ = {isa = PBXFileReference; fileEncoding = 4; lastKnownFileType = sourcecode.c.objc; path = "UIActivityIndicatorView+AFNetworking.m"; sourceTree = "<group>"; };
		04C5ABBF1D0C099000A78EAE /* UIButton+AFNetworking.h */ = {isa = PBXFileReference; fileEncoding = 4; lastKnownFileType = sourcecode.c.h; path = "UIButton+AFNetworking.h"; sourceTree = "<group>"; };
		04C5ABC01D0C099000A78EAE /* UIButton+AFNetworking.m */ = {isa = PBXFileReference; fileEncoding = 4; lastKnownFileType = sourcecode.c.objc; path = "UIButton+AFNetworking.m"; sourceTree = "<group>"; };
		04C5ABC11D0C099000A78EAE /* UIImage+AFNetworking.h */ = {isa = PBXFileReference; fileEncoding = 4; lastKnownFileType = sourcecode.c.h; path = "UIImage+AFNetworking.h"; sourceTree = "<group>"; };
		04C5ABC21D0C099000A78EAE /* UIImageView+AFNetworking.h */ = {isa = PBXFileReference; fileEncoding = 4; lastKnownFileType = sourcecode.c.h; path = "UIImageView+AFNetworking.h"; sourceTree = "<group>"; };
		04C5ABC31D0C099000A78EAE /* UIImageView+AFNetworking.m */ = {isa = PBXFileReference; fileEncoding = 4; lastKnownFileType = sourcecode.c.objc; path = "UIImageView+AFNetworking.m"; sourceTree = "<group>"; };
		04C5ABC41D0C099000A78EAE /* UIKit+AFNetworking.h */ = {isa = PBXFileReference; fileEncoding = 4; lastKnownFileType = sourcecode.c.h; path = "UIKit+AFNetworking.h"; sourceTree = "<group>"; };
		04C5ABC51D0C099000A78EAE /* UIProgressView+AFNetworking.h */ = {isa = PBXFileReference; fileEncoding = 4; lastKnownFileType = sourcecode.c.h; path = "UIProgressView+AFNetworking.h"; sourceTree = "<group>"; };
		04C5ABC61D0C099000A78EAE /* UIProgressView+AFNetworking.m */ = {isa = PBXFileReference; fileEncoding = 4; lastKnownFileType = sourcecode.c.objc; path = "UIProgressView+AFNetworking.m"; sourceTree = "<group>"; };
		04C5ABC71D0C099000A78EAE /* UIRefreshControl+AFNetworking.h */ = {isa = PBXFileReference; fileEncoding = 4; lastKnownFileType = sourcecode.c.h; path = "UIRefreshControl+AFNetworking.h"; sourceTree = "<group>"; };
		04C5ABC81D0C099000A78EAE /* UIRefreshControl+AFNetworking.m */ = {isa = PBXFileReference; fileEncoding = 4; lastKnownFileType = sourcecode.c.objc; path = "UIRefreshControl+AFNetworking.m"; sourceTree = "<group>"; };
		04C5ABC91D0C099000A78EAE /* UIWebView+AFNetworking.h */ = {isa = PBXFileReference; fileEncoding = 4; lastKnownFileType = sourcecode.c.h; path = "UIWebView+AFNetworking.h"; sourceTree = "<group>"; };
		04C5ABCA1D0C099000A78EAE /* UIWebView+AFNetworking.m */ = {isa = PBXFileReference; fileEncoding = 4; lastKnownFileType = sourcecode.c.objc; path = "UIWebView+AFNetworking.m"; sourceTree = "<group>"; };
		04C5ABDB1D0C0B1000A78EAE /* webC.h */ = {isa = PBXFileReference; fileEncoding = 4; lastKnownFileType = sourcecode.c.h; path = webC.h; sourceTree = "<group>"; };
		04C5ABDC1D0C0B1000A78EAE /* webC.m */ = {isa = PBXFileReference; fileEncoding = 4; lastKnownFileType = sourcecode.c.objc; path = webC.m; sourceTree = "<group>"; };
		04C5ABDF1D0C0F6B00A78EAE /* ZhangjieModel.h */ = {isa = PBXFileReference; fileEncoding = 4; lastKnownFileType = sourcecode.c.h; path = ZhangjieModel.h; sourceTree = "<group>"; };
		04C5ABE01D0C0F6B00A78EAE /* ZhangjieModel.m */ = {isa = PBXFileReference; fileEncoding = 4; lastKnownFileType = sourcecode.c.objc; path = ZhangjieModel.m; sourceTree = "<group>"; };
		04C5ABE31D0C112E00A78EAE /* PrefixHeader.pch */ = {isa = PBXFileReference; fileEncoding = 4; lastKnownFileType = sourcecode.c.h; path = PrefixHeader.pch; sourceTree = "<group>"; };
		7C1BC67421C8C35100C73FE3 /* icons_back_white.png */ = {isa = PBXFileReference; lastKnownFileType = image.png; path = icons_back_white.png; sourceTree = "<group>"; };
		7C1BC67B21CA962000C73FE3 /* JHRefreshBaseView.h */ = {isa = PBXFileReference; fileEncoding = 4; lastKnownFileType = sourcecode.c.h; path = JHRefreshBaseView.h; sourceTree = "<group>"; };
		7C1BC67C21CA962000C73FE3 /* UIScrollView+JHExtension.m */ = {isa = PBXFileReference; fileEncoding = 4; lastKnownFileType = sourcecode.c.objc; path = "UIScrollView+JHExtension.m"; sourceTree = "<group>"; };
		7C1BC67D21CA962000C73FE3 /* JHRefreshViewDelegate.h */ = {isa = PBXFileReference; fileEncoding = 4; lastKnownFileType = sourcecode.c.h; path = JHRefreshViewDelegate.h; sourceTree = "<group>"; };
		7C1BC67E21CA962000C73FE3 /* UIScrollView+JHRefresh.h */ = {isa = PBXFileReference; fileEncoding = 4; lastKnownFileType = sourcecode.c.h; path = "UIScrollView+JHRefresh.h"; sourceTree = "<group>"; };
		7C1BC67F21CA962000C73FE3 /* JHRefreshConfig.m */ = {isa = PBXFileReference; fileEncoding = 4; lastKnownFileType = sourcecode.c.objc; path = JHRefreshConfig.m; sourceTree = "<group>"; };
		7C1BC68021CA962000C73FE3 /* JHRefreshHeaderView.h */ = {isa = PBXFileReference; fileEncoding = 4; lastKnownFileType = sourcecode.c.h; path = JHRefreshHeaderView.h; sourceTree = "<group>"; };
		7C1BC68121CA962000C73FE3 /* UIView+JHExtension.m */ = {isa = PBXFileReference; fileEncoding = 4; lastKnownFileType = sourcecode.c.objc; path = "UIView+JHExtension.m"; sourceTree = "<group>"; };
		7C1BC68221CA962000C73FE3 /* JHRefreshFooterView.m */ = {isa = PBXFileReference; fileEncoding = 4; lastKnownFileType = sourcecode.c.objc; path = JHRefreshFooterView.m; sourceTree = "<group>"; };
		7C1BC68321CA962000C73FE3 /* JHRefreshBaseView.m */ = {isa = PBXFileReference; fileEncoding = 4; lastKnownFileType = sourcecode.c.objc; path = JHRefreshBaseView.m; sourceTree = "<group>"; };
		7C1BC68421CA962000C73FE3 /* UIScrollView+JHExtension.h */ = {isa = PBXFileReference; fileEncoding = 4; lastKnownFileType = sourcecode.c.h; path = "UIScrollView+JHExtension.h"; sourceTree = "<group>"; };
		7C1BC68621CA962000C73FE3 /* JHRefreshAniBaseView.h */ = {isa = PBXFileReference; fileEncoding = 4; lastKnownFileType = sourcecode.c.h; path = JHRefreshAniBaseView.h; sourceTree = "<group>"; };
		7C1BC68721CA962000C73FE3 /* JHRefreshCommonAniView.h */ = {isa = PBXFileReference; fileEncoding = 4; lastKnownFileType = sourcecode.c.h; path = JHRefreshCommonAniView.h; sourceTree = "<group>"; };
		7C1BC68821CA962000C73FE3 /* JHRefreshAmazingAniView.h */ = {isa = PBXFileReference; fileEncoding = 4; lastKnownFileType = sourcecode.c.h; path = JHRefreshAmazingAniView.h; sourceTree = "<group>"; };
		7C1BC68921CA962000C73FE3 /* JHRefreshCommonAniView.m */ = {isa = PBXFileReference; fileEncoding = 4; lastKnownFileType = sourcecode.c.objc; path = JHRefreshCommonAniView.m; sourceTree = "<group>"; };
		7C1BC68A21CA962000C73FE3 /* JHRefreshAniBaseView.m */ = {isa = PBXFileReference; fileEncoding = 4; lastKnownFileType = sourcecode.c.objc; path = JHRefreshAniBaseView.m; sourceTree = "<group>"; };
		7C1BC68B21CA962000C73FE3 /* JHRefreshAmazingAniView.m */ = {isa = PBXFileReference; fileEncoding = 4; lastKnownFileType = sourcecode.c.objc; path = JHRefreshAmazingAniView.m; sourceTree = "<group>"; };
		7C1BC68C21CA962000C73FE3 /* JHRefreshHeaderView.m */ = {isa = PBXFileReference; fileEncoding = 4; lastKnownFileType = sourcecode.c.objc; path = JHRefreshHeaderView.m; sourceTree = "<group>"; };
		7C1BC68D21CA962000C73FE3 /* JHRefreshMacro.h */ = {isa = PBXFileReference; fileEncoding = 4; lastKnownFileType = sourcecode.c.h; path = JHRefreshMacro.h; sourceTree = "<group>"; };
		7C1BC68E21CA962000C73FE3 /* JHRefreshConfig.h */ = {isa = PBXFileReference; fileEncoding = 4; lastKnownFileType = sourcecode.c.h; path = JHRefreshConfig.h; sourceTree = "<group>"; };
		7C1BC68F21CA962000C73FE3 /* UIScrollView+JHRefresh.m */ = {isa = PBXFileReference; fileEncoding = 4; lastKnownFileType = sourcecode.c.objc; path = "UIScrollView+JHRefresh.m"; sourceTree = "<group>"; };
		7C1BC69021CA962000C73FE3 /* JHRefreshFooterView.h */ = {isa = PBXFileReference; fileEncoding = 4; lastKnownFileType = sourcecode.c.h; path = JHRefreshFooterView.h; sourceTree = "<group>"; };
		7C1BC69121CA962000C73FE3 /* JHRefresh.h */ = {isa = PBXFileReference; fileEncoding = 4; lastKnownFileType = sourcecode.c.h; path = JHRefresh.h; sourceTree = "<group>"; };
		7C1BC69221CA962000C73FE3 /* JHRefresh.bundle */ = {isa = PBXFileReference; lastKnownFileType = "wrapper.plug-in"; path = JHRefresh.bundle; sourceTree = "<group>"; };
		7C1BC69321CA962000C73FE3 /* UIView+JHExtension.h */ = {isa = PBXFileReference; fileEncoding = 4; lastKnownFileType = sourcecode.c.h; path = "UIView+JHExtension.h"; sourceTree = "<group>"; };
		7C1BC69F21CABD3900C73FE3 /* Person.h */ = {isa = PBXFileReference; lastKnownFileType = sourcecode.c.h; path = Person.h; sourceTree = "<group>"; };
		7C1BC6A021CABD3900C73FE3 /* Person.m */ = {isa = PBXFileReference; lastKnownFileType = sourcecode.c.objc; path = Person.m; sourceTree = "<group>"; };
		7C1BC6A221CABD4C00C73FE3 /* HomeViewController.h */ = {isa = PBXFileReference; lastKnownFileType = sourcecode.c.h; path = HomeViewController.h; sourceTree = "<group>"; };
		7C1BC6A321CABD4C00C73FE3 /* HomeViewController.m */ = {isa = PBXFileReference; lastKnownFileType = sourcecode.c.objc; path = HomeViewController.m; sourceTree = "<group>"; };
		7C1BC6A521CABD5C00C73FE3 /* SecondViewController.h */ = {isa = PBXFileReference; lastKnownFileType = sourcecode.c.h; path = SecondViewController.h; sourceTree = "<group>"; };
		7C1BC6A621CABD5C00C73FE3 /* SecondViewController.m */ = {isa = PBXFileReference; lastKnownFileType = sourcecode.c.objc; path = SecondViewController.m; sourceTree = "<group>"; };
		7C603C552292BB5300840510 /* 23.html */ = {isa = PBXFileReference; fileEncoding = 4; lastKnownFileType = text.html; path = 23.html; sourceTree = "<group>"; };
		7C603C562292BB5300840510 /* 35.html */ = {isa = PBXFileReference; fileEncoding = 4; lastKnownFileType = text.html; path = 35.html; sourceTree = "<group>"; };
		7C603C572292BB5300840510 /* 9.html */ = {isa = PBXFileReference; fileEncoding = 4; lastKnownFileType = text.html; path = 9.html; sourceTree = "<group>"; };
		7C603C582292BB5300840510 /* 19.html */ = {isa = PBXFileReference; fileEncoding = 4; lastKnownFileType = text.html; path = 19.html; sourceTree = "<group>"; };
		7C603C592292BB5300840510 /* 39.html */ = {isa = PBXFileReference; fileEncoding = 4; lastKnownFileType = text.html; path = 39.html; sourceTree = "<group>"; };
		7C603C5A2292BB5300840510 /* 5.html */ = {isa = PBXFileReference; fileEncoding = 4; lastKnownFileType = text.html; path = 5.html; sourceTree = "<group>"; };
		7C603C5B2292BB5300840510 /* 15.html */ = {isa = PBXFileReference; fileEncoding = 4; lastKnownFileType = text.html; path = 15.html; sourceTree = "<group>"; };
		7C603C5C2292BB5300840510 /* 42.html */ = {isa = PBXFileReference; fileEncoding = 4; lastKnownFileType = text.html; path = 42.html; sourceTree = "<group>"; };
		7C603C5D2292BB5300840510 /* 54.html */ = {isa = PBXFileReference; fileEncoding = 4; lastKnownFileType = text.html; path = 54.html; sourceTree = "<group>"; };
		7C603C5E2292BB5300840510 /* 55.html */ = {isa = PBXFileReference; fileEncoding = 4; lastKnownFileType = text.html; path = 55.html; sourceTree = "<group>"; };
		7C603C5F2292BB5300840510 /* 43.html */ = {isa = PBXFileReference; fileEncoding = 4; lastKnownFileType = text.html; path = 43.html; sourceTree = "<group>"; };
		7C603C602292BB5300840510 /* 14.html */ = {isa = PBXFileReference; fileEncoding = 4; lastKnownFileType = text.html; path = 14.html; sourceTree = "<group>"; };
		7C603C612292BB5300840510 /* 4.html */ = {isa = PBXFileReference; fileEncoding = 4; lastKnownFileType = text.html; path = 4.html; sourceTree = "<group>"; };
		7C603C622292BB5300840510 /* 38.html */ = {isa = PBXFileReference; fileEncoding = 4; lastKnownFileType = text.html; path = 38.html; sourceTree = "<group>"; };
		7C603C632292BB5300840510 /* 18.html */ = {isa = PBXFileReference; fileEncoding = 4; lastKnownFileType = text.html; path = 18.html; sourceTree = "<group>"; };
		7C603C642292BB5300840510 /* 8.html */ = {isa = PBXFileReference; fileEncoding = 4; lastKnownFileType = text.html; path = 8.html; sourceTree = "<group>"; };
		7C603C652292BB5300840510 /* 34.html */ = {isa = PBXFileReference; fileEncoding = 4; lastKnownFileType = text.html; path = 34.html; sourceTree = "<group>"; };
		7C603C662292BB5300840510 /* 22.html */ = {isa = PBXFileReference; fileEncoding = 4; lastKnownFileType = text.html; path = 22.html; sourceTree = "<group>"; };
		7C603C672292BB5300840510 /* 29.html */ = {isa = PBXFileReference; fileEncoding = 4; lastKnownFileType = text.html; path = 29.html; sourceTree = "<group>"; };
		7C603C682292BB5300840510 /* 3.html */ = {isa = PBXFileReference; fileEncoding = 4; lastKnownFileType = text.html; path = 3.html; sourceTree = "<group>"; };
		7C603C692292BB5300840510 /* 13.html */ = {isa = PBXFileReference; fileEncoding = 4; lastKnownFileType = text.html; path = 13.html; sourceTree = "<group>"; };
		7C603C6A2292BB5300840510 /* 44.html */ = {isa = PBXFileReference; fileEncoding = 4; lastKnownFileType = text.html; path = 44.html; sourceTree = "<group>"; };
		7C603C6B2292BB5300840510 /* 52.html */ = {isa = PBXFileReference; fileEncoding = 4; lastKnownFileType = text.html; path = 52.html; sourceTree = "<group>"; };
		7C603C6C2292BB5300840510 /* 25.html */ = {isa = PBXFileReference; fileEncoding = 4; lastKnownFileType = text.html; path = 25.html; sourceTree = "<group>"; };
		7C603C6D2292BB5300840510 /* 33.html */ = {isa = PBXFileReference; fileEncoding = 4; lastKnownFileType = text.html; path = 33.html; sourceTree = "<group>"; };
		7C603C6E2292BB5300840510 /* hi.html */ = {isa = PBXFileReference; fileEncoding = 4; lastKnownFileType = text.html; path = hi.html; sourceTree = "<group>"; };
		7C603C6F2292BB5300840510 /* 48.html */ = {isa = PBXFileReference; fileEncoding = 4; lastKnownFileType = text.html; path = 48.html; sourceTree = "<group>"; };
		7C603C702292BB5300840510 /* 49.html */ = {isa = PBXFileReference; fileEncoding = 4; lastKnownFileType = text.html; path = 49.html; sourceTree = "<group>"; };
		7C603C712292BB5300840510 /* 32.html */ = {isa = PBXFileReference; fileEncoding = 4; lastKnownFileType = text.html; path = 32.html; sourceTree = "<group>"; };
		7C603C722292BB5300840510 /* 24.html */ = {isa = PBXFileReference; fileEncoding = 4; lastKnownFileType = text.html; path = 24.html; sourceTree = "<group>"; };
		7C603C732292BB5300840510 /* 53.html */ = {isa = PBXFileReference; fileEncoding = 4; lastKnownFileType = text.html; path = 53.html; sourceTree = "<group>"; };
		7C603C742292BB5300840510 /* 45.html */ = {isa = PBXFileReference; fileEncoding = 4; lastKnownFileType = text.html; path = 45.html; sourceTree = "<group>"; };
		7C603C752292BB5300840510 /* 12.html */ = {isa = PBXFileReference; fileEncoding = 4; lastKnownFileType = text.html; path = 12.html; sourceTree = "<group>"; };
		7C603C762292BB5300840510 /* 2.html */ = {isa = PBXFileReference; fileEncoding = 4; lastKnownFileType = text.html; path = 2.html; sourceTree = "<group>"; };
		7C603C772292BB5300840510 /* 28.html */ = {isa = PBXFileReference; fileEncoding = 4; lastKnownFileType = text.html; path = 28.html; sourceTree = "<group>"; };
		7C603C782292BB5300840510 /* 50.html */ = {isa = PBXFileReference; fileEncoding = 4; lastKnownFileType = text.html; path = 50.html; sourceTree = "<group>"; };
		7C603C792292BB5300840510 /* 46.html */ = {isa = PBXFileReference; fileEncoding = 4; lastKnownFileType = text.html; path = 46.html; sourceTree = "<group>"; };
		7C603C7A2292BB5300840510 /* 11.html */ = {isa = PBXFileReference; fileEncoding = 4; lastKnownFileType = text.html; path = 11.html; sourceTree = "<group>"; };
		7C603C7B2292BB5300840510 /* 1.html */ = {isa = PBXFileReference; fileEncoding = 4; lastKnownFileType = text.html; path = 1.html; sourceTree = "<group>"; };
		7C603C7C2292BB5300840510 /* 31.html */ = {isa = PBXFileReference; fileEncoding = 4; lastKnownFileType = text.html; path = 31.html; sourceTree = "<group>"; };
		7C603C7D2292BB5300840510 /* 27.html */ = {isa = PBXFileReference; fileEncoding = 4; lastKnownFileType = text.html; path = 27.html; sourceTree = "<group>"; };
		7C603C7E2292BB5300840510 /* 26.html */ = {isa = PBXFileReference; fileEncoding = 4; lastKnownFileType = text.html; path = 26.html; sourceTree = "<group>"; };
		7C603C7F2292BB5300840510 /* 30.html */ = {isa = PBXFileReference; fileEncoding = 4; lastKnownFileType = text.html; path = 30.html; sourceTree = "<group>"; };
		7C603C802292BB5300840510 /* 10.html */ = {isa = PBXFileReference; fileEncoding = 4; lastKnownFileType = text.html; path = 10.html; sourceTree = "<group>"; };
		7C603C812292BB5300840510 /* 47.html */ = {isa = PBXFileReference; fileEncoding = 4; lastKnownFileType = text.html; path = 47.html; sourceTree = "<group>"; };
		7C603C822292BB5300840510 /* 51.html */ = {isa = PBXFileReference; fileEncoding = 4; lastKnownFileType = text.html; path = 51.html; sourceTree = "<group>"; };
		7C603C832292BB5300840510 /* 37.html */ = {isa = PBXFileReference; fileEncoding = 4; lastKnownFileType = text.html; path = 37.html; sourceTree = "<group>"; };
		7C603C842292BB5300840510 /* 21.html */ = {isa = PBXFileReference; fileEncoding = 4; lastKnownFileType = text.html; path = 21.html; sourceTree = "<group>"; };
		7C603C852292BB5300840510 /* 56.html */ = {isa = PBXFileReference; fileEncoding = 4; lastKnownFileType = text.html; path = 56.html; sourceTree = "<group>"; };
		7C603C862292BB5300840510 /* 40.html */ = {isa = PBXFileReference; fileEncoding = 4; lastKnownFileType = text.html; path = 40.html; sourceTree = "<group>"; };
		7C603C872292BB5300840510 /* 17.html */ = {isa = PBXFileReference; fileEncoding = 4; lastKnownFileType = text.html; path = 17.html; sourceTree = "<group>"; };
		7C603C882292BB5300840510 /* 7.html */ = {isa = PBXFileReference; fileEncoding = 4; lastKnownFileType = text.html; path = 7.html; sourceTree = "<group>"; };
		7C603C892292BB5300840510 /* 6.html */ = {isa = PBXFileReference; fileEncoding = 4; lastKnownFileType = text.html; path = 6.html; sourceTree = "<group>"; };
		7C603C8A2292BB5300840510 /* 16.html */ = {isa = PBXFileReference; fileEncoding = 4; lastKnownFileType = text.html; path = 16.html; sourceTree = "<group>"; };
		7C603C8B2292BB5300840510 /* 41.html */ = {isa = PBXFileReference; fileEncoding = 4; lastKnownFileType = text.html; path = 41.html; sourceTree = "<group>"; };
		7C603C8C2292BB5300840510 /* 57.html */ = {isa = PBXFileReference; fileEncoding = 4; lastKnownFileType = text.html; path = 57.html; sourceTree = "<group>"; };
		7C603C8D2292BB5300840510 /* 20.html */ = {isa = PBXFileReference; fileEncoding = 4; lastKnownFileType = text.html; path = 20.html; sourceTree = "<group>"; };
		7C603C8E2292BB5300840510 /* 36.html */ = {isa = PBXFileReference; fileEncoding = 4; lastKnownFileType = text.html; path = 36.html; sourceTree = "<group>"; };
/* End PBXFileReference section */

/* Begin PBXFrameworksBuildPhase section */
		04C5AB881D0C085300A78EAE /* Frameworks */ = {
			isa = PBXFrameworksBuildPhase;
			buildActionMask = 2147483647;
			files = (
			);
			runOnlyForDeploymentPostprocessing = 0;
		};
/* End PBXFrameworksBuildPhase section */

/* Begin PBXGroup section */
		049B14BA1D0FA9F200999B11 /* Resource */ = {
			isa = PBXGroup;
			children = (
				7C4DF2A721DE55BD004B7214 /* flutter */,
				7C1BC67421C8C35100C73FE3 /* icons_back_white.png */,
			);
			name = Resource;
			sourceTree = "<group>";
		};
		04C5AB821D0C085300A78EAE = {
			isa = PBXGroup;
			children = (
				04C5AB8D1D0C085300A78EAE /* C-course */,
				04C5AB8C1D0C085300A78EAE /* Products */,
			);
			sourceTree = "<group>";
		};
		04C5AB8C1D0C085300A78EAE /* Products */ = {
			isa = PBXGroup;
			children = (
				04C5AB8B1D0C085300A78EAE /* C-course.app */,
			);
			name = Products;
			sourceTree = "<group>";
		};
		04C5AB8D1D0C085300A78EAE /* C-course */ = {
			isa = PBXGroup;
			children = (
				049B14BA1D0FA9F200999B11 /* Resource */,
				04C5ABDE1D0C0DD100A78EAE /* page */,
				04C5ABDA1D0C099900A78EAE /* Thirds */,
				04C5ABE21D0C10CE00A78EAE /* Model */,
				04C5AB911D0C085300A78EAE /* AppDelegate.h */,
				04C5AB921D0C085300A78EAE /* AppDelegate.m */,
				7C1BC69F21CABD3900C73FE3 /* Person.h */,
				7C1BC6A021CABD3900C73FE3 /* Person.m */,
				04C5ABE31D0C112E00A78EAE /* PrefixHeader.pch */,
				04C5AB971D0C085300A78EAE /* Main.storyboard */,
				04C5AB9A1D0C085300A78EAE /* Assets.xcassets */,
				04C5AB9C1D0C085300A78EAE /* LaunchScreen.storyboard */,
				04C5AB9F1D0C085300A78EAE /* Info.plist */,
				04C5AB8E1D0C085300A78EAE /* Supporting Files */,
			);
			path = "C-course";
			sourceTree = "<group>";
		};
		04C5AB8E1D0C085300A78EAE /* Supporting Files */ = {
			isa = PBXGroup;
			children = (
				04C5AB8F1D0C085300A78EAE /* main.m */,
			);
			name = "Supporting Files";
			sourceTree = "<group>";
		};
		04C5ABA71D0C099000A78EAE /* AFNetworking3.0.3 */ = {
			isa = PBXGroup;
			children = (
				04C5ABA81D0C099000A78EAE /* AFNetworking */,
				04C5ABB61D0C099000A78EAE /* UIKit+AFNetworking */,
			);
			path = AFNetworking3.0.3;
			sourceTree = "<group>";
		};
		04C5ABA81D0C099000A78EAE /* AFNetworking */ = {
			isa = PBXGroup;
			children = (
				04C5ABA91D0C099000A78EAE /* AFHTTPSessionManager.h */,
				04C5ABAA1D0C099000A78EAE /* AFHTTPSessionManager.m */,
				04C5ABAB1D0C099000A78EAE /* AFNetworking.h */,
				04C5ABAC1D0C099000A78EAE /* AFNetworkReachabilityManager.h */,
				04C5ABAD1D0C099000A78EAE /* AFNetworkReachabilityManager.m */,
				04C5ABAE1D0C099000A78EAE /* AFSecurityPolicy.h */,
				04C5ABAF1D0C099000A78EAE /* AFSecurityPolicy.m */,
				04C5ABB01D0C099000A78EAE /* AFURLRequestSerialization.h */,
				04C5ABB11D0C099000A78EAE /* AFURLRequestSerialization.m */,
				04C5ABB21D0C099000A78EAE /* AFURLResponseSerialization.h */,
				04C5ABB31D0C099000A78EAE /* AFURLResponseSerialization.m */,
				04C5ABB41D0C099000A78EAE /* AFURLSessionManager.h */,
				04C5ABB51D0C099000A78EAE /* AFURLSessionManager.m */,
			);
			path = AFNetworking;
			sourceTree = "<group>";
		};
		04C5ABB61D0C099000A78EAE /* UIKit+AFNetworking */ = {
			isa = PBXGroup;
			children = (
				04C5ABB71D0C099000A78EAE /* AFAutoPurgingImageCache.h */,
				04C5ABB81D0C099000A78EAE /* AFAutoPurgingImageCache.m */,
				04C5ABB91D0C099000A78EAE /* AFImageDownloader.h */,
				04C5ABBA1D0C099000A78EAE /* AFImageDownloader.m */,
				04C5ABBB1D0C099000A78EAE /* AFNetworkActivityIndicatorManager.h */,
				04C5ABBC1D0C099000A78EAE /* AFNetworkActivityIndicatorManager.m */,
				04C5ABBD1D0C099000A78EAE /* UIActivityIndicatorView+AFNetworking.h */,
				04C5ABBE1D0C099000A78EAE /* UIActivityIndicatorView+AFNetworking.m */,
				04C5ABBF1D0C099000A78EAE /* UIButton+AFNetworking.h */,
				04C5ABC01D0C099000A78EAE /* UIButton+AFNetworking.m */,
				04C5ABC11D0C099000A78EAE /* UIImage+AFNetworking.h */,
				04C5ABC21D0C099000A78EAE /* UIImageView+AFNetworking.h */,
				04C5ABC31D0C099000A78EAE /* UIImageView+AFNetworking.m */,
				04C5ABC41D0C099000A78EAE /* UIKit+AFNetworking.h */,
				04C5ABC51D0C099000A78EAE /* UIProgressView+AFNetworking.h */,
				04C5ABC61D0C099000A78EAE /* UIProgressView+AFNetworking.m */,
				04C5ABC71D0C099000A78EAE /* UIRefreshControl+AFNetworking.h */,
				04C5ABC81D0C099000A78EAE /* UIRefreshControl+AFNetworking.m */,
				04C5ABC91D0C099000A78EAE /* UIWebView+AFNetworking.h */,
				04C5ABCA1D0C099000A78EAE /* UIWebView+AFNetworking.m */,
			);
			path = "UIKit+AFNetworking";
			sourceTree = "<group>";
		};
		04C5ABDA1D0C099900A78EAE /* Thirds */ = {
			isa = PBXGroup;
			children = (
				7C1BC67A21CA962000C73FE3 /* JHRefresh 刷新 */,
				04C5ABA71D0C099000A78EAE /* AFNetworking3.0.3 */,
			);
			name = Thirds;
			sourceTree = "<group>";
		};
		04C5ABDE1D0C0DD100A78EAE /* page */ = {
			isa = PBXGroup;
			children = (
				04C5AB941D0C085300A78EAE /* ViewController.h */,
				04C5AB951D0C085300A78EAE /* ViewController.m */,
				7C1BC6A221CABD4C00C73FE3 /* HomeViewController.h */,
				7C1BC6A321CABD4C00C73FE3 /* HomeViewController.m */,
				7C1BC6A521CABD5C00C73FE3 /* SecondViewController.h */,
				7C1BC6A621CABD5C00C73FE3 /* SecondViewController.m */,
				04C5ABDB1D0C0B1000A78EAE /* webC.h */,
				04C5ABDC1D0C0B1000A78EAE /* webC.m */,
			);
			name = page;
			sourceTree = "<group>";
		};
		04C5ABE21D0C10CE00A78EAE /* Model */ = {
			isa = PBXGroup;
			children = (
				04C5ABDF1D0C0F6B00A78EAE /* ZhangjieModel.h */,
				04C5ABE01D0C0F6B00A78EAE /* ZhangjieModel.m */,
				048F726F1D16408E007D2D2B /* FenZuModel.h */,
				048F72701D16408E007D2D2B /* FenZuModel.m */,
			);
			name = Model;
			sourceTree = "<group>";
		};
		7C1BC67A21CA962000C73FE3 /* JHRefresh 刷新 */ = {
			isa = PBXGroup;
			children = (
				7C1BC67B21CA962000C73FE3 /* JHRefreshBaseView.h */,
				7C1BC67C21CA962000C73FE3 /* UIScrollView+JHExtension.m */,
				7C1BC67D21CA962000C73FE3 /* JHRefreshViewDelegate.h */,
				7C1BC67E21CA962000C73FE3 /* UIScrollView+JHRefresh.h */,
				7C1BC67F21CA962000C73FE3 /* JHRefreshConfig.m */,
				7C1BC68021CA962000C73FE3 /* JHRefreshHeaderView.h */,
				7C1BC68121CA962000C73FE3 /* UIView+JHExtension.m */,
				7C1BC68221CA962000C73FE3 /* JHRefreshFooterView.m */,
				7C1BC68321CA962000C73FE3 /* JHRefreshBaseView.m */,
				7C1BC68421CA962000C73FE3 /* UIScrollView+JHExtension.h */,
				7C1BC68521CA962000C73FE3 /* AnimationView */,
				7C1BC68C21CA962000C73FE3 /* JHRefreshHeaderView.m */,
				7C1BC68D21CA962000C73FE3 /* JHRefreshMacro.h */,
				7C1BC68E21CA962000C73FE3 /* JHRefreshConfig.h */,
				7C1BC68F21CA962000C73FE3 /* UIScrollView+JHRefresh.m */,
				7C1BC69021CA962000C73FE3 /* JHRefreshFooterView.h */,
				7C1BC69121CA962000C73FE3 /* JHRefresh.h */,
				7C1BC69221CA962000C73FE3 /* JHRefresh.bundle */,
				7C1BC69321CA962000C73FE3 /* UIView+JHExtension.h */,
			);
			path = "JHRefresh 刷新";
			sourceTree = "<group>";
		};
		7C1BC68521CA962000C73FE3 /* AnimationView */ = {
			isa = PBXGroup;
			children = (
				7C1BC68621CA962000C73FE3 /* JHRefreshAniBaseView.h */,
				7C1BC68721CA962000C73FE3 /* JHRefreshCommonAniView.h */,
				7C1BC68821CA962000C73FE3 /* JHRefreshAmazingAniView.h */,
				7C1BC68921CA962000C73FE3 /* JHRefreshCommonAniView.m */,
				7C1BC68A21CA962000C73FE3 /* JHRefreshAniBaseView.m */,
				7C1BC68B21CA962000C73FE3 /* JHRefreshAmazingAniView.m */,
			);
			path = AnimationView;
			sourceTree = "<group>";
		};
		7C4DF2A721DE55BD004B7214 /* flutter */ = {
			isa = PBXGroup;
			children = (
				7C603C542292BB5300840510 /* 模版 */,
			);
			path = flutter;
			sourceTree = "<group>";
		};
		7C603C542292BB5300840510 /* 模版 */ = {
			isa = PBXGroup;
			children = (
				7C603CC922938C2B00840510 /* New Group */,
				7C603C552292BB5300840510 /* 23.html */,
				7C603C562292BB5300840510 /* 35.html */,
				7C603C572292BB5300840510 /* 9.html */,
				7C603C582292BB5300840510 /* 19.html */,
				7C603C592292BB5300840510 /* 39.html */,
				7C603C5A2292BB5300840510 /* 5.html */,
				7C603C5B2292BB5300840510 /* 15.html */,
				7C603C5C2292BB5300840510 /* 42.html */,
				7C603C5D2292BB5300840510 /* 54.html */,
				7C603C5E2292BB5300840510 /* 55.html */,
				7C603C5F2292BB5300840510 /* 43.html */,
				7C603C602292BB5300840510 /* 14.html */,
				7C603C612292BB5300840510 /* 4.html */,
				7C603C622292BB5300840510 /* 38.html */,
				7C603C632292BB5300840510 /* 18.html */,
				7C603C642292BB5300840510 /* 8.html */,
				7C603C652292BB5300840510 /* 34.html */,
				7C603C662292BB5300840510 /* 22.html */,
				7C603C672292BB5300840510 /* 29.html */,
				7C603C682292BB5300840510 /* 3.html */,
				7C603C692292BB5300840510 /* 13.html */,
				7C603C6A2292BB5300840510 /* 44.html */,
				7C603C6B2292BB5300840510 /* 52.html */,
				7C603C6C2292BB5300840510 /* 25.html */,
				7C603C6D2292BB5300840510 /* 33.html */,
				7C603C6E2292BB5300840510 /* hi.html */,
				7C603C6F2292BB5300840510 /* 48.html */,
				7C603C702292BB5300840510 /* 49.html */,
				7C603C712292BB5300840510 /* 32.html */,
				7C603C722292BB5300840510 /* 24.html */,
				7C603C732292BB5300840510 /* 53.html */,
				7C603C742292BB5300840510 /* 45.html */,
				7C603C752292BB5300840510 /* 12.html */,
				7C603C762292BB5300840510 /* 2.html */,
				7C603C772292BB5300840510 /* 28.html */,
				7C603C782292BB5300840510 /* 50.html */,
				7C603C792292BB5300840510 /* 46.html */,
				7C603C7A2292BB5300840510 /* 11.html */,
				7C603C7B2292BB5300840510 /* 1.html */,
				7C603C7C2292BB5300840510 /* 31.html */,
				7C603C7D2292BB5300840510 /* 27.html */,
				7C603C7E2292BB5300840510 /* 26.html */,
				7C603C7F2292BB5300840510 /* 30.html */,
				7C603C802292BB5300840510 /* 10.html */,
				7C603C812292BB5300840510 /* 47.html */,
				7C603C822292BB5300840510 /* 51.html */,
				7C603C832292BB5300840510 /* 37.html */,
				7C603C842292BB5300840510 /* 21.html */,
				7C603C852292BB5300840510 /* 56.html */,
				7C603C862292BB5300840510 /* 40.html */,
				7C603C872292BB5300840510 /* 17.html */,
				7C603C882292BB5300840510 /* 7.html */,
				7C603C892292BB5300840510 /* 6.html */,
				7C603C8A2292BB5300840510 /* 16.html */,
				7C603C8B2292BB5300840510 /* 41.html */,
				7C603C8C2292BB5300840510 /* 57.html */,
				7C603C8D2292BB5300840510 /* 20.html */,
				7C603C8E2292BB5300840510 /* 36.html */,
			);
			path = "模版";
			sourceTree = "<group>";
		};
		7C603CC922938C2B00840510 /* New Group */ = {
			isa = PBXGroup;
			children = (
			);
			path = "New Group";
			sourceTree = "<group>";
		};
/* End PBXGroup section */

/* Begin PBXNativeTarget section */
		04C5AB8A1D0C085300A78EAE /* C-course */ = {
			isa = PBXNativeTarget;
			buildConfigurationList = 04C5ABA21D0C085300A78EAE /* Build configuration list for PBXNativeTarget "C-course" */;
			buildPhases = (
				04C5AB871D0C085300A78EAE /* Sources */,
				04C5AB881D0C085300A78EAE /* Frameworks */,
				04C5AB891D0C085300A78EAE /* Resources */,
			);
			buildRules = (
			);
			dependencies = (
			);
			name = "C-course";
			productName = "C-course";
			productReference = 04C5AB8B1D0C085300A78EAE /* C-course.app */;
			productType = "com.apple.product-type.application";
		};
/* End PBXNativeTarget section */

/* Begin PBXProject section */
		04C5AB831D0C085300A78EAE /* Project object */ = {
			isa = PBXProject;
			attributes = {
				LastUpgradeCheck = 0710;
				ORGANIZATIONNAME = mac;
				TargetAttributes = {
					04C5AB8A1D0C085300A78EAE = {
						CreatedOnToolsVersion = 7.1.1;
						DevelopmentTeam = XCRP5FGWM4;
						ProvisioningStyle = Automatic;
					};
				};
			};
			buildConfigurationList = 04C5AB861D0C085300A78EAE /* Build configuration list for PBXProject "C-course" */;
			compatibilityVersion = "Xcode 3.2";
			developmentRegion = English;
			hasScannedForEncodings = 0;
			knownRegions = (
				English,
				en,
				Base,
			);
			mainGroup = 04C5AB821D0C085300A78EAE;
			productRefGroup = 04C5AB8C1D0C085300A78EAE /* Products */;
			projectDirPath = "";
			projectRoot = "";
			targets = (
				04C5AB8A1D0C085300A78EAE /* C-course */,
			);
		};
/* End PBXProject section */

/* Begin PBXResourcesBuildPhase section */
		04C5AB891D0C085300A78EAE /* Resources */ = {
			isa = PBXResourcesBuildPhase;
			buildActionMask = 2147483647;
			files = (
				7C603CC82292BB5400840510 /* 36.html in Resources */,
				7C603CB82292BB5400840510 /* 26.html in Resources */,
				7C603CC42292BB5400840510 /* 16.html in Resources */,
				04C5AB9E1D0C085300A78EAE /* LaunchScreen.storyboard in Resources */,
				7C603CA32292BB5400840510 /* 13.html in Resources */,
				7C603C962292BB5400840510 /* 42.html in Resources */,
				7C603C982292BB5400840510 /* 55.html in Resources */,
				7C603CA62292BB5400840510 /* 25.html in Resources */,
				7C603CA02292BB5400840510 /* 22.html in Resources */,
				7C603CB22292BB5400840510 /* 50.html in Resources */,
				7C603CB62292BB5400840510 /* 31.html in Resources */,
				7C603CB72292BB5400840510 /* 27.html in Resources */,
				7C603C922292BB5400840510 /* 19.html in Resources */,
				7C603C932292BB5400840510 /* 39.html in Resources */,
				7C603CB02292BB5400840510 /* 2.html in Resources */,
				7C603CC52292BB5400840510 /* 41.html in Resources */,
				7C603C912292BB5400840510 /* 9.html in Resources */,
				7C603CB92292BB5400840510 /* 30.html in Resources */,
				7C1BC67521C8C35100C73FE3 /* icons_back_white.png in Resources */,
				7C603CAE2292BB5400840510 /* 45.html in Resources */,
				7C603C8F2292BB5400840510 /* 23.html in Resources */,
				7C603CA22292BB5400840510 /* 3.html in Resources */,
				7C603C9B2292BB5400840510 /* 4.html in Resources */,
				04C5AB9B1D0C085300A78EAE /* Assets.xcassets in Resources */,
				7C603CC22292BB5400840510 /* 7.html in Resources */,
				7C603CA12292BB5400840510 /* 29.html in Resources */,
				7C603CBE2292BB5400840510 /* 21.html in Resources */,
				7C603CAD2292BB5400840510 /* 53.html in Resources */,
				7C603CB42292BB5400840510 /* 11.html in Resources */,
				7C603C9E2292BB5400840510 /* 8.html in Resources */,
				7C603CC32292BB5400840510 /* 6.html in Resources */,
				7C603CA72292BB5400840510 /* 33.html in Resources */,
				7C603C9D2292BB5400840510 /* 18.html in Resources */,
				7C603CBD2292BB5400840510 /* 37.html in Resources */,
				7C603C902292BB5400840510 /* 35.html in Resources */,
				7C603CB52292BB5400840510 /* 1.html in Resources */,
				7C603CC12292BB5400840510 /* 17.html in Resources */,
				7C603C942292BB5400840510 /* 5.html in Resources */,
				7C603CC62292BB5400840510 /* 57.html in Resources */,
				7C603CC72292BB5400840510 /* 20.html in Resources */,
				7C603CA82292BB5400840510 /* hi.html in Resources */,
				7C603C972292BB5400840510 /* 54.html in Resources */,
				7C603C9A2292BB5400840510 /* 14.html in Resources */,
				7C603C9C2292BB5400840510 /* 38.html in Resources */,
				7C603CBB2292BB5400840510 /* 47.html in Resources */,
				7C603C9F2292BB5400840510 /* 34.html in Resources */,
				7C603C952292BB5400840510 /* 15.html in Resources */,
				04C5AB991D0C085300A78EAE /* Main.storyboard in Resources */,
				7C603CB32292BB5400840510 /* 46.html in Resources */,
				7C603C992292BB5400840510 /* 43.html in Resources */,
				7C1BC69E21CA962100C73FE3 /* JHRefresh.bundle in Resources */,
				7C603CB12292BB5400840510 /* 28.html in Resources */,
				7C603CAF2292BB5400840510 /* 12.html in Resources */,
				7C603CAB2292BB5400840510 /* 32.html in Resources */,
				7C603CA52292BB5400840510 /* 52.html in Resources */,
				7C603CBA2292BB5400840510 /* 10.html in Resources */,
				7C603CAC2292BB5400840510 /* 24.html in Resources */,
				7C603CA42292BB5400840510 /* 44.html in Resources */,
				7C603CA92292BB5400840510 /* 48.html in Resources */,
				7C603CAA2292BB5400840510 /* 49.html in Resources */,
				7C603CBC2292BB5400840510 /* 51.html in Resources */,
				7C603CBF2292BB5400840510 /* 56.html in Resources */,
				7C603CC02292BB5400840510 /* 40.html in Resources */,
			);
			runOnlyForDeploymentPostprocessing = 0;
		};
/* End PBXResourcesBuildPhase section */

/* Begin PBXSourcesBuildPhase section */
		04C5AB871D0C085300A78EAE /* Sources */ = {
			isa = PBXSourcesBuildPhase;
			buildActionMask = 2147483647;
			files = (
				04C5ABD71D0C099000A78EAE /* UIProgressView+AFNetworking.m in Sources */,
				048F72711D16408E007D2D2B /* FenZuModel.m in Sources */,
				04C5ABD01D0C099000A78EAE /* AFURLSessionManager.m in Sources */,
				04C5ABDD1D0C0B1000A78EAE /* webC.m in Sources */,
				04C5ABD91D0C099000A78EAE /* UIWebView+AFNetworking.m in Sources */,
				7C1BC69B21CA962100C73FE3 /* JHRefreshAmazingAniView.m in Sources */,
				7C1BC69421CA962100C73FE3 /* UIScrollView+JHExtension.m in Sources */,
				04C5ABD61D0C099000A78EAE /* UIImageView+AFNetworking.m in Sources */,
				04C5AB961D0C085300A78EAE /* ViewController.m in Sources */,
				04C5ABD51D0C099000A78EAE /* UIButton+AFNetworking.m in Sources */,
				04C5AB931D0C085300A78EAE /* AppDelegate.m in Sources */,
				04C5ABCC1D0C099000A78EAE /* AFNetworkReachabilityManager.m in Sources */,
				7C1BC69821CA962100C73FE3 /* JHRefreshBaseView.m in Sources */,
				04C5ABD81D0C099000A78EAE /* UIRefreshControl+AFNetworking.m in Sources */,
				04C5AB901D0C085300A78EAE /* main.m in Sources */,
				04C5ABD11D0C099000A78EAE /* AFAutoPurgingImageCache.m in Sources */,
				04C5ABE11D0C0F6B00A78EAE /* ZhangjieModel.m in Sources */,
				7C1BC6A421CABD4C00C73FE3 /* HomeViewController.m in Sources */,
				7C1BC69A21CA962100C73FE3 /* JHRefreshAniBaseView.m in Sources */,
				7C1BC69921CA962100C73FE3 /* JHRefreshCommonAniView.m in Sources */,
				7C1BC69D21CA962100C73FE3 /* UIScrollView+JHRefresh.m in Sources */,
				04C5ABCD1D0C099000A78EAE /* AFSecurityPolicy.m in Sources */,
				7C1BC69721CA962100C73FE3 /* JHRefreshFooterView.m in Sources */,
				04C5ABCE1D0C099000A78EAE /* AFURLRequestSerialization.m in Sources */,
				04C5ABD31D0C099000A78EAE /* AFNetworkActivityIndicatorManager.m in Sources */,
				7C1BC69621CA962100C73FE3 /* UIView+JHExtension.m in Sources */,
				04C5ABCF1D0C099000A78EAE /* AFURLResponseSerialization.m in Sources */,
				7C1BC6A121CABD3900C73FE3 /* Person.m in Sources */,
				7C1BC6A721CABD5C00C73FE3 /* SecondViewController.m in Sources */,
				7C1BC69C21CA962100C73FE3 /* JHRefreshHeaderView.m in Sources */,
				7C1BC69521CA962100C73FE3 /* JHRefreshConfig.m in Sources */,
				04C5ABCB1D0C099000A78EAE /* AFHTTPSessionManager.m in Sources */,
				04C5ABD21D0C099000A78EAE /* AFImageDownloader.m in Sources */,
				04C5ABD41D0C099000A78EAE /* UIActivityIndicatorView+AFNetworking.m in Sources */,
			);
			runOnlyForDeploymentPostprocessing = 0;
		};
/* End PBXSourcesBuildPhase section */

/* Begin PBXVariantGroup section */
		04C5AB971D0C085300A78EAE /* Main.storyboard */ = {
			isa = PBXVariantGroup;
			children = (
				04C5AB981D0C085300A78EAE /* Base */,
			);
			name = Main.storyboard;
			sourceTree = "<group>";
		};
		04C5AB9C1D0C085300A78EAE /* LaunchScreen.storyboard */ = {
			isa = PBXVariantGroup;
			children = (
				04C5AB9D1D0C085300A78EAE /* Base */,
			);
			name = LaunchScreen.storyboard;
			sourceTree = "<group>";
		};
/* End PBXVariantGroup section */

/* Begin XCBuildConfiguration section */
		04C5ABA01D0C085300A78EAE /* Debug */ = {
			isa = XCBuildConfiguration;
			buildSettings = {
				ALWAYS_SEARCH_USER_PATHS = NO;
				CLANG_CXX_LANGUAGE_STANDARD = "gnu++0x";
				CLANG_CXX_LIBRARY = "libc++";
				CLANG_ENABLE_MODULES = YES;
				CLANG_ENABLE_OBJC_ARC = YES;
				CLANG_WARN_BOOL_CONVERSION = YES;
				CLANG_WARN_CONSTANT_CONVERSION = YES;
				CLANG_WARN_DIRECT_OBJC_ISA_USAGE = YES_ERROR;
				CLANG_WARN_EMPTY_BODY = YES;
				CLANG_WARN_ENUM_CONVERSION = YES;
				CLANG_WARN_INT_CONVERSION = YES;
				CLANG_WARN_OBJC_ROOT_CLASS = YES_ERROR;
				CLANG_WARN_UNREACHABLE_CODE = YES;
				CLANG_WARN__DUPLICATE_METHOD_MATCH = YES;
				"CODE_SIGN_IDENTITY[sdk=iphoneos*]" = "iPhone Developer";
				COPY_PHASE_STRIP = NO;
				DEBUG_INFORMATION_FORMAT = dwarf;
				ENABLE_STRICT_OBJC_MSGSEND = YES;
				ENABLE_TESTABILITY = YES;
				GCC_C_LANGUAGE_STANDARD = gnu99;
				GCC_DYNAMIC_NO_PIC = NO;
				GCC_NO_COMMON_BLOCKS = YES;
				GCC_OPTIMIZATION_LEVEL = 0;
				GCC_PREPROCESSOR_DEFINITIONS = (
					"DEBUG=1",
					"$(inherited)",
				);
				GCC_WARN_64_TO_32_BIT_CONVERSION = YES;
				GCC_WARN_ABOUT_RETURN_TYPE = YES_ERROR;
				GCC_WARN_UNDECLARED_SELECTOR = YES;
				GCC_WARN_UNINITIALIZED_AUTOS = YES_AGGRESSIVE;
				GCC_WARN_UNUSED_FUNCTION = YES;
				GCC_WARN_UNUSED_VARIABLE = YES;
				IPHONEOS_DEPLOYMENT_TARGET = 9.1;
				MTL_ENABLE_DEBUG_INFO = YES;
				ONLY_ACTIVE_ARCH = YES;
				SDKROOT = iphoneos;
			};
			name = Debug;
		};
		04C5ABA11D0C085300A78EAE /* Release */ = {
			isa = XCBuildConfiguration;
			buildSettings = {
				ALWAYS_SEARCH_USER_PATHS = NO;
				CLANG_CXX_LANGUAGE_STANDARD = "gnu++0x";
				CLANG_CXX_LIBRARY = "libc++";
				CLANG_ENABLE_MODULES = YES;
				CLANG_ENABLE_OBJC_ARC = YES;
				CLANG_WARN_BOOL_CONVERSION = YES;
				CLANG_WARN_CONSTANT_CONVERSION = YES;
				CLANG_WARN_DIRECT_OBJC_ISA_USAGE = YES_ERROR;
				CLANG_WARN_EMPTY_BODY = YES;
				CLANG_WARN_ENUM_CONVERSION = YES;
				CLANG_WARN_INT_CONVERSION = YES;
				CLANG_WARN_OBJC_ROOT_CLASS = YES_ERROR;
				CLANG_WARN_UNREACHABLE_CODE = YES;
				CLANG_WARN__DUPLICATE_METHOD_MATCH = YES;
				"CODE_SIGN_IDENTITY[sdk=iphoneos*]" = "iPhone Developer";
				COPY_PHASE_STRIP = NO;
				DEBUG_INFORMATION_FORMAT = "dwarf-with-dsym";
				ENABLE_NS_ASSERTIONS = NO;
				ENABLE_STRICT_OBJC_MSGSEND = YES;
				GCC_C_LANGUAGE_STANDARD = gnu99;
				GCC_NO_COMMON_BLOCKS = YES;
				GCC_WARN_64_TO_32_BIT_CONVERSION = YES;
				GCC_WARN_ABOUT_RETURN_TYPE = YES_ERROR;
				GCC_WARN_UNDECLARED_SELECTOR = YES;
				GCC_WARN_UNINITIALIZED_AUTOS = YES_AGGRESSIVE;
				GCC_WARN_UNUSED_FUNCTION = YES;
				GCC_WARN_UNUSED_VARIABLE = YES;
				IPHONEOS_DEPLOYMENT_TARGET = 9.1;
				MTL_ENABLE_DEBUG_INFO = NO;
				SDKROOT = iphoneos;
				VALIDATE_PRODUCT = YES;
			};
			name = Release;
		};
		04C5ABA31D0C085300A78EAE /* Debug */ = {
			isa = XCBuildConfiguration;
			buildSettings = {
				ASSETCATALOG_COMPILER_APPICON_NAME = AppIcon;
				ASSETCATALOG_COMPILER_LAUNCHIMAGE_NAME = LaunchImage;
				CODE_SIGN_IDENTITY = "iPhone Developer";
				"CODE_SIGN_IDENTITY[sdk=iphoneos*]" = "iPhone Developer";
				CODE_SIGN_STYLE = Automatic;
				DEVELOPMENT_TEAM = XCRP5FGWM4;
				GCC_PREFIX_HEADER = "$(PROJECT_DIR)/$(PROJECT_NAME)/PrefixHeader.pch";
				INFOPLIST_FILE = "C-course/Info.plist";
				LD_RUNPATH_SEARCH_PATHS = "$(inherited) @executable_path/Frameworks";
				PRODUCT_BUNDLE_IDENTIFIER = com.kangcheng.com;
				PRODUCT_NAME = "$(TARGET_NAME)";
				PROVISIONING_PROFILE_SPECIFIER = "";
				TARGETED_DEVICE_FAMILY = 1;
			};
			name = Debug;
		};
		04C5ABA41D0C085300A78EAE /* Release */ = {
			isa = XCBuildConfiguration;
			buildSettings = {
				ASSETCATALOG_COMPILER_APPICON_NAME = AppIcon;
				ASSETCATALOG_COMPILER_LAUNCHIMAGE_NAME = LaunchImage;
				CODE_SIGN_IDENTITY = "iPhone Developer";
				"CODE_SIGN_IDENTITY[sdk=iphoneos*]" = "iPhone Developer";
				CODE_SIGN_STYLE = Automatic;
				DEVELOPMENT_TEAM = XCRP5FGWM4;
				GCC_PREFIX_HEADER = "$(PROJECT_DIR)/$(PROJECT_NAME)/PrefixHeader.pch";
				INFOPLIST_FILE = "C-course/Info.plist";
				LD_RUNPATH_SEARCH_PATHS = "$(inherited) @executable_path/Frameworks";
				PRODUCT_BUNDLE_IDENTIFIER = com.kangcheng.com;
				PRODUCT_NAME = "$(TARGET_NAME)";
				PROVISIONING_PROFILE_SPECIFIER = "";
				TARGETED_DEVICE_FAMILY = 1;
			};
			name = Release;
		};
/* End XCBuildConfiguration section */

/* Begin XCConfigurationList section */
		04C5AB861D0C085300A78EAE /* Build configuration list for PBXProject "C-course" */ = {
			isa = XCConfigurationList;
			buildConfigurations = (
				04C5ABA01D0C085300A78EAE /* Debug */,
				04C5ABA11D0C085300A78EAE /* Release */,
			);
			defaultConfigurationIsVisible = 0;
			defaultConfigurationName = Release;
		};
		04C5ABA21D0C085300A78EAE /* Build configuration list for PBXNativeTarget "C-course" */ = {
			isa = XCConfigurationList;
			buildConfigurations = (
				04C5ABA31D0C085300A78EAE /* Debug */,
				04C5ABA41D0C085300A78EAE /* Release */,
			);
			defaultConfigurationIsVisible = 0;
			defaultConfigurationName = Release;
		};
/* End XCConfigurationList section */
	};
	rootObject = 04C5AB831D0C085300A78EAE /* Project object */;
}
