// !$*UTF8*$!
{
	archiveVersion = 1;
	classes = {
	};
	objectVersion = 50;
	objects = {

/* Begin PBXBuildFile section */
		20F64BD205B4E6AD003F7528 /* libPods-iOSAddFlutter.a in Frameworks */ = {isa = PBXBuildFile; fileRef = F05245152148CE3DA748EB88 /* libPods-iOSAddFlutter.a */; };
		6CAECAE7229E52D20032EC7F /* AppDelegate.m in Sources */ = {isa = PBXBuildFile; fileRef = 6CAECAE6229E52D20032EC7F /* AppDelegate.m */; };
		6CAECAEA229E52D20032EC7F /* ViewController.m in Sources */ = {isa = PBXBuildFile; fileRef = 6CAECAE9229E52D20032EC7F /* ViewController.m */; };
		6CAECAED229E52D20032EC7F /* Main.storyboard in Resources */ = {isa = PBXBuildFile; fileRef = 6CAECAEB229E52D20032EC7F /* Main.storyboard */; };
		6CAECAEF229E52D30032EC7F /* Assets.xcassets in Resources */ = {isa = PBXBuildFile; fileRef = 6CAECAEE229E52D30032EC7F /* Assets.xcassets */; };
		6CAECAF2229E52D30032EC7F /* LaunchScreen.storyboard in Resources */ = {isa = PBXBuildFile; fileRef = 6CAECAF0229E52D30032EC7F /* LaunchScreen.storyboard */; };
		6CAECAF5229E52D30032EC7F /* main.m in Sources */ = {isa = PBXBuildFile; fileRef = 6CAECAF4229E52D30032EC7F /* main.m */; };
		6CAECAFF229E52D30032EC7F /* iOSAddFlutterTests.m in Sources */ = {isa = PBXBuildFile; fileRef = 6CAECAFE229E52D30032EC7F /* iOSAddFlutterTests.m */; };
		6CAECB0A229E52D30032EC7F /* iOSAddFlutterUITests.m in Sources */ = {isa = PBXBuildFile; fileRef = 6CAECB09229E52D30032EC7F /* iOSAddFlutterUITests.m */; };
		9C5D0FD84DA1803618FF74A0 /* libPods-iOSAddFlutterUITests.a in Frameworks */ = {isa = PBXBuildFile; fileRef = 894D875FC210D0FF662F43F0 /* libPods-iOSAddFlutterUITests.a */; };
		9F6968AE7E72508FD23D4B39 /* libPods-iOSAddFlutterTests.a in Frameworks */ = {isa = PBXBuildFile; fileRef = 90235A1C14C448C4BD7B3EE6 /* libPods-iOSAddFlutterTests.a */; };
/* End PBXBuildFile section */

/* Begin PBXContainerItemProxy section */
		6CAECAFB229E52D30032EC7F /* PBXContainerItemProxy */ = {
			isa = PBXContainerItemProxy;
			containerPortal = 6CAECADA229E52D20032EC7F /* Project object */;
			proxyType = 1;
			remoteGlobalIDString = 6CAECAE1229E52D20032EC7F;
			remoteInfo = iOSAddFlutter;
		};
		6CAECB06229E52D30032EC7F /* PBXContainerItemProxy */ = {
			isa = PBXContainerItemProxy;
			containerPortal = 6CAECADA229E52D20032EC7F /* Project object */;
			proxyType = 1;
			remoteGlobalIDString = 6CAECAE1229E52D20032EC7F;
			remoteInfo = iOSAddFlutter;
		};
/* End PBXContainerItemProxy section */

/* Begin PBXFileReference section */
		53E583932C00EB8FFAB821FE /* Pods-iOSAddFlutterUITests.release.xcconfig */ = {isa = PBXFileReference; includeInIndex = 1; lastKnownFileType = text.xcconfig; name = "Pods-iOSAddFlutterUITests.release.xcconfig"; path = "Pods/Target Support Files/Pods-iOSAddFlutterUITests/Pods-iOSAddFlutterUITests.release.xcconfig"; sourceTree = "<group>"; };
		6CAECAE2229E52D20032EC7F /* iOSAddFlutter.app */ = {isa = PBXFileReference; explicitFileType = wrapper.application; includeInIndex = 0; path = iOSAddFlutter.app; sourceTree = BUILT_PRODUCTS_DIR; };
		6CAECAE5229E52D20032EC7F /* AppDelegate.h */ = {isa = PBXFileReference; lastKnownFileType = sourcecode.c.h; path = AppDelegate.h; sourceTree = "<group>"; };
		6CAECAE6229E52D20032EC7F /* AppDelegate.m */ = {isa = PBXFileReference; lastKnownFileType = sourcecode.c.objc; path = AppDelegate.m; sourceTree = "<group>"; };
		6CAECAE8229E52D20032EC7F /* ViewController.h */ = {isa = PBXFileReference; lastKnownFileType = sourcecode.c.h; path = ViewController.h; sourceTree = "<group>"; };
		6CAECAE9229E52D20032EC7F /* ViewController.m */ = {isa = PBXFileReference; lastKnownFileType = sourcecode.c.objc; path = ViewController.m; sourceTree = "<group>"; };
		6CAECAEC229E52D20032EC7F /* Base */ = {isa = PBXFileReference; lastKnownFileType = file.storyboard; name = Base; path = Base.lproj/Main.storyboard; sourceTree = "<group>"; };
		6CAECAEE229E52D30032EC7F /* Assets.xcassets */ = {isa = PBXFileReference; lastKnownFileType = folder.assetcatalog; path = Assets.xcassets; sourceTree = "<group>"; };
		6CAECAF1229E52D30032EC7F /* Base */ = {isa = PBXFileReference; lastKnownFileType = file.storyboard; name = Base; path = Base.lproj/LaunchScreen.storyboard; sourceTree = "<group>"; };
		6CAECAF3229E52D30032EC7F /* Info.plist */ = {isa = PBXFileReference; lastKnownFileType = text.plist.xml; path = Info.plist; sourceTree = "<group>"; };
		6CAECAF4229E52D30032EC7F /* main.m */ = {isa = PBXFileReference; lastKnownFileType = sourcecode.c.objc; path = main.m; sourceTree = "<group>"; };
		6CAECAFA229E52D30032EC7F /* iOSAddFlutterTests.xctest */ = {isa = PBXFileReference; explicitFileType = wrapper.cfbundle; includeInIndex = 0; path = iOSAddFlutterTests.xctest; sourceTree = BUILT_PRODUCTS_DIR; };
		6CAECAFE229E52D30032EC7F /* iOSAddFlutterTests.m */ = {isa = PBXFileReference; lastKnownFileType = sourcecode.c.objc; path = iOSAddFlutterTests.m; sourceTree = "<group>"; };
		6CAECB00229E52D30032EC7F /* Info.plist */ = {isa = PBXFileReference; lastKnownFileType = text.plist.xml; path = Info.plist; sourceTree = "<group>"; };
		6CAECB05229E52D30032EC7F /* iOSAddFlutterUITests.xctest */ = {isa = PBXFileReference; explicitFileType = wrapper.cfbundle; includeInIndex = 0; path = iOSAddFlutterUITests.xctest; sourceTree = BUILT_PRODUCTS_DIR; };
		6CAECB09229E52D30032EC7F /* iOSAddFlutterUITests.m */ = {isa = PBXFileReference; lastKnownFileType = sourcecode.c.objc; path = iOSAddFlutterUITests.m; sourceTree = "<group>"; };
		6CAECB0B229E52D30032EC7F /* Info.plist */ = {isa = PBXFileReference; lastKnownFileType = text.plist.xml; path = Info.plist; sourceTree = "<group>"; };
		7A10FB10F3EC3F9DF0F442B7 /* Pods-iOSAddFlutter.debug.xcconfig */ = {isa = PBXFileReference; includeInIndex = 1; lastKnownFileType = text.xcconfig; name = "Pods-iOSAddFlutter.debug.xcconfig"; path = "Pods/Target Support Files/Pods-iOSAddFlutter/Pods-iOSAddFlutter.debug.xcconfig"; sourceTree = "<group>"; };
		894D875FC210D0FF662F43F0 /* libPods-iOSAddFlutterUITests.a */ = {isa = PBXFileReference; explicitFileType = archive.ar; includeInIndex = 0; path = "libPods-iOSAddFlutterUITests.a"; sourceTree = BUILT_PRODUCTS_DIR; };
		8AE8E7AB5DAC0815E3CE4DD0 /* Pods-iOSAddFlutterUITests.debug.xcconfig */ = {isa = PBXFileReference; includeInIndex = 1; lastKnownFileType = text.xcconfig; name = "Pods-iOSAddFlutterUITests.debug.xcconfig"; path = "Pods/Target Support Files/Pods-iOSAddFlutterUITests/Pods-iOSAddFlutterUITests.debug.xcconfig"; sourceTree = "<group>"; };
		90235A1C14C448C4BD7B3EE6 /* libPods-iOSAddFlutterTests.a */ = {isa = PBXFileReference; explicitFileType = archive.ar; includeInIndex = 0; path = "libPods-iOSAddFlutterTests.a"; sourceTree = BUILT_PRODUCTS_DIR; };
		A61EF08DFFD141C7DF43F05C /* Pods-iOSAddFlutter.release.xcconfig */ = {isa = PBXFileReference; includeInIndex = 1; lastKnownFileType = text.xcconfig; name = "Pods-iOSAddFlutter.release.xcconfig"; path = "Pods/Target Support Files/Pods-iOSAddFlutter/Pods-iOSAddFlutter.release.xcconfig"; sourceTree = "<group>"; };
		C3AD6FB9E0C9A6BFE8C2991E /* Pods-iOSAddFlutterTests.release.xcconfig */ = {isa = PBXFileReference; includeInIndex = 1; lastKnownFileType = text.xcconfig; name = "Pods-iOSAddFlutterTests.release.xcconfig"; path = "Pods/Target Support Files/Pods-iOSAddFlutterTests/Pods-iOSAddFlutterTests.release.xcconfig"; sourceTree = "<group>"; };
		D6CC469B134191A436FC8AD1 /* Pods-iOSAddFlutterTests.debug.xcconfig */ = {isa = PBXFileReference; includeInIndex = 1; lastKnownFileType = text.xcconfig; name = "Pods-iOSAddFlutterTests.debug.xcconfig"; path = "Pods/Target Support Files/Pods-iOSAddFlutterTests/Pods-iOSAddFlutterTests.debug.xcconfig"; sourceTree = "<group>"; };
		F05245152148CE3DA748EB88 /* libPods-iOSAddFlutter.a */ = {isa = PBXFileReference; explicitFileType = archive.ar; includeInIndex = 0; path = "libPods-iOSAddFlutter.a"; sourceTree = BUILT_PRODUCTS_DIR; };
/* End PBXFileReference section */

/* Begin PBXFrameworksBuildPhase section */
		6CAECADF229E52D20032EC7F /* Frameworks */ = {
			isa = PBXFrameworksBuildPhase;
			buildActionMask = 2147483647;
			files = (
				20F64BD205B4E6AD003F7528 /* libPods-iOSAddFlutter.a in Frameworks */,
			);
			runOnlyForDeploymentPostprocessing = 0;
		};
		6CAECAF7229E52D30032EC7F /* Frameworks */ = {
			isa = PBXFrameworksBuildPhase;
			buildActionMask = 2147483647;
			files = (
				9F6968AE7E72508FD23D4B39 /* libPods-iOSAddFlutterTests.a in Frameworks */,
			);
			runOnlyForDeploymentPostprocessing = 0;
		};
		6CAECB02229E52D30032EC7F /* Frameworks */ = {
			isa = PBXFrameworksBuildPhase;
			buildActionMask = 2147483647;
			files = (
				9C5D0FD84DA1803618FF74A0 /* libPods-iOSAddFlutterUITests.a in Frameworks */,
			);
			runOnlyForDeploymentPostprocessing = 0;
		};
/* End PBXFrameworksBuildPhase section */

/* Begin PBXGroup section */
		31E3FECCF69E185093176174 /* Frameworks */ = {
			isa = PBXGroup;
			children = (
				F05245152148CE3DA748EB88 /* libPods-iOSAddFlutter.a */,
				90235A1C14C448C4BD7B3EE6 /* libPods-iOSAddFlutterTests.a */,
				894D875FC210D0FF662F43F0 /* libPods-iOSAddFlutterUITests.a */,
			);
			name = Frameworks;
			sourceTree = "<group>";
		};
		6CAECAD9229E52D20032EC7F = {
			isa = PBXGroup;
			children = (
				6CAECAE4229E52D20032EC7F /* iOSAddFlutter */,
				6CAECAFD229E52D30032EC7F /* iOSAddFlutterTests */,
				6CAECB08229E52D30032EC7F /* iOSAddFlutterUITests */,
				6CAECAE3229E52D20032EC7F /* Products */,
				F2A3DBE987B40B0F20A2B97B /* Pods */,
				31E3FECCF69E185093176174 /* Frameworks */,
			);
			sourceTree = "<group>";
		};
		6CAECAE3229E52D20032EC7F /* Products */ = {
			isa = PBXGroup;
			children = (
				6CAECAE2229E52D20032EC7F /* iOSAddFlutter.app */,
				6CAECAFA229E52D30032EC7F /* iOSAddFlutterTests.xctest */,
				6CAECB05229E52D30032EC7F /* iOSAddFlutterUITests.xctest */,
			);
			name = Products;
			sourceTree = "<group>";
		};
		6CAECAE4229E52D20032EC7F /* iOSAddFlutter */ = {
			isa = PBXGroup;
			children = (
				6CAECAE5229E52D20032EC7F /* AppDelegate.h */,
				6CAECAE6229E52D20032EC7F /* AppDelegate.m */,
				6CAECAE8229E52D20032EC7F /* ViewController.h */,
				6CAECAE9229E52D20032EC7F /* ViewController.m */,
				6CAECAEB229E52D20032EC7F /* Main.storyboard */,
				6CAECAEE229E52D30032EC7F /* Assets.xcassets */,
				6CAECAF0229E52D30032EC7F /* LaunchScreen.storyboard */,
				6CAECAF3229E52D30032EC7F /* Info.plist */,
				6CAECAF4229E52D30032EC7F /* main.m */,
			);
			path = iOSAddFlutter;
			sourceTree = "<group>";
		};
		6CAECAFD229E52D30032EC7F /* iOSAddFlutterTests */ = {
			isa = PBXGroup;
			children = (
				6CAECAFE229E52D30032EC7F /* iOSAddFlutterTests.m */,
				6CAECB00229E52D30032EC7F /* Info.plist */,
			);
			path = iOSAddFlutterTests;
			sourceTree = "<group>";
		};
		6CAECB08229E52D30032EC7F /* iOSAddFlutterUITests */ = {
			isa = PBXGroup;
			children = (
				6CAECB09229E52D30032EC7F /* iOSAddFlutterUITests.m */,
				6CAECB0B229E52D30032EC7F /* Info.plist */,
			);
			path = iOSAddFlutterUITests;
			sourceTree = "<group>";
		};
		F2A3DBE987B40B0F20A2B97B /* Pods */ = {
			isa = PBXGroup;
			children = (
				7A10FB10F3EC3F9DF0F442B7 /* Pods-iOSAddFlutter.debug.xcconfig */,
				A61EF08DFFD141C7DF43F05C /* Pods-iOSAddFlutter.release.xcconfig */,
				D6CC469B134191A436FC8AD1 /* Pods-iOSAddFlutterTests.debug.xcconfig */,
				C3AD6FB9E0C9A6BFE8C2991E /* Pods-iOSAddFlutterTests.release.xcconfig */,
				8AE8E7AB5DAC0815E3CE4DD0 /* Pods-iOSAddFlutterUITests.debug.xcconfig */,
				53E583932C00EB8FFAB821FE /* Pods-iOSAddFlutterUITests.release.xcconfig */,
			);
			name = Pods;
			sourceTree = "<group>";
		};
/* End PBXGroup section */

/* Begin PBXNativeTarget section */
		6CAECAE1229E52D20032EC7F /* iOSAddFlutter */ = {
			isa = PBXNativeTarget;
			buildConfigurationList = 6CAECB0E229E52D30032EC7F /* Build configuration list for PBXNativeTarget "iOSAddFlutter" */;
			buildPhases = (
				6CAECB17229E53830032EC7F /* ShellScript */,
				DD9097B39CA86508B6C3C1D4 /* [CP] Check Pods Manifest.lock */,
				6CAECADE229E52D20032EC7F /* Sources */,
				6CAECADF229E52D20032EC7F /* Frameworks */,
				6CAECAE0229E52D20032EC7F /* Resources */,
				7B2E887251CEB41553D13322 /* [CP] Embed Pods Frameworks */,
			);
			buildRules = (
			);
			dependencies = (
			);
			name = iOSAddFlutter;
			productName = iOSAddFlutter;
			productReference = 6CAECAE2229E52D20032EC7F /* iOSAddFlutter.app */;
			productType = "com.apple.product-type.application";
		};
		6CAECAF9229E52D30032EC7F /* iOSAddFlutterTests */ = {
			isa = PBXNativeTarget;
			buildConfigurationList = 6CAECB11229E52D30032EC7F /* Build configuration list for PBXNativeTarget "iOSAddFlutterTests" */;
			buildPhases = (
				72F3CBA702F122542B0F7B90 /* [CP] Check Pods Manifest.lock */,
				6CAECAF6229E52D30032EC7F /* Sources */,
				6CAECAF7229E52D30032EC7F /* Frameworks */,
				6CAECAF8229E52D30032EC7F /* Resources */,
			);
			buildRules = (
			);
			dependencies = (
				6CAECAFC229E52D30032EC7F /* PBXTargetDependency */,
			);
			name = iOSAddFlutterTests;
			productName = iOSAddFlutterTests;
			productReference = 6CAECAFA229E52D30032EC7F /* iOSAddFlutterTests.xctest */;
			productType = "com.apple.product-type.bundle.unit-test";
		};
		6CAECB04229E52D30032EC7F /* iOSAddFlutterUITests */ = {
			isa = PBXNativeTarget;
			buildConfigurationList = 6CAECB14229E52D30032EC7F /* Build configuration list for PBXNativeTarget "iOSAddFlutterUITests" */;
			buildPhases = (
				FD534974B59942DE678BADDC /* [CP] Check Pods Manifest.lock */,
				6CAECB01229E52D30032EC7F /* Sources */,
				6CAECB02229E52D30032EC7F /* Frameworks */,
				6CAECB03229E52D30032EC7F /* Resources */,
			);
			buildRules = (
			);
			dependencies = (
				6CAECB07229E52D30032EC7F /* PBXTargetDependency */,
			);
			name = iOSAddFlutterUITests;
			productName = iOSAddFlutterUITests;
			productReference = 6CAECB05229E52D30032EC7F /* iOSAddFlutterUITests.xctest */;
			productType = "com.apple.product-type.bundle.ui-testing";
		};
/* End PBXNativeTarget section */

/* Begin PBXProject section */
		6CAECADA229E52D20032EC7F /* Project object */ = {
			isa = PBXProject;
			attributes = {
				LastUpgradeCheck = 1020;
				ORGANIZATIONNAME = "Shaoting Zhou";
				TargetAttributes = {
					6CAECAE1229E52D20032EC7F = {
						CreatedOnToolsVersion = 10.2.1;
					};
					6CAECAF9229E52D30032EC7F = {
						CreatedOnToolsVersion = 10.2.1;
						TestTargetID = 6CAECAE1229E52D20032EC7F;
					};
					6CAECB04229E52D30032EC7F = {
						CreatedOnToolsVersion = 10.2.1;
						TestTargetID = 6CAECAE1229E52D20032EC7F;
					};
				};
			};
			buildConfigurationList = 6CAECADD229E52D20032EC7F /* Build configuration list for PBXProject "iOSAddFlutter" */;
			compatibilityVersion = "Xcode 9.3";
			developmentRegion = en;
			hasScannedForEncodings = 0;
			knownRegions = (
				en,
				Base,
			);
			mainGroup = 6CAECAD9229E52D20032EC7F;
			productRefGroup = 6CAECAE3229E52D20032EC7F /* Products */;
			projectDirPath = "";
			projectRoot = "";
			targets = (
				6CAECAE1229E52D20032EC7F /* iOSAddFlutter */,
				6CAECAF9229E52D30032EC7F /* iOSAddFlutterTests */,
				6CAECB04229E52D30032EC7F /* iOSAddFlutterUITests */,
			);
		};
/* End PBXProject section */

/* Begin PBXResourcesBuildPhase section */
		6CAECAE0229E52D20032EC7F /* Resources */ = {
			isa = PBXResourcesBuildPhase;
			buildActionMask = 2147483647;
			files = (
				6CAECAF2229E52D30032EC7F /* LaunchScreen.storyboard in Resources */,
				6CAECAEF229E52D30032EC7F /* Assets.xcassets in Resources */,
				6CAECAED229E52D20032EC7F /* Main.storyboard in Resources */,
			);
			runOnlyForDeploymentPostprocessing = 0;
		};
		6CAECAF8229E52D30032EC7F /* Resources */ = {
			isa = PBXResourcesBuildPhase;
			buildActionMask = 2147483647;
			files = (
			);
			runOnlyForDeploymentPostprocessing = 0;
		};
		6CAECB03229E52D30032EC7F /* Resources */ = {
			isa = PBXResourcesBuildPhase;
			buildActionMask = 2147483647;
			files = (
			);
			runOnlyForDeploymentPostprocessing = 0;
		};
/* End PBXResourcesBuildPhase section */

/* Begin PBXShellScriptBuildPhase section */
		6CAECB17229E53830032EC7F /* ShellScript */ = {
			isa = PBXShellScriptBuildPhase;
			buildActionMask = 2147483647;
			files = (
			);
			inputPaths = (
			);
			outputPaths = (
			);
			runOnlyForDeploymentPostprocessing = 0;
			shellPath = /bin/sh;
			shellScript = "\"$FLUTTER_ROOT/packages/flutter_tools/bin/xcode_backend.sh\" build\n\"$FLUTTER_ROOT/packages/flutter_tools/bin/xcode_backend.sh\" embed\n";
		};
		72F3CBA702F122542B0F7B90 /* [CP] Check Pods Manifest.lock */ = {
			isa = PBXShellScriptBuildPhase;
			buildActionMask = 2147483647;
			files = (
			);
			inputPaths = (
				"${PODS_PODFILE_DIR_PATH}/Podfile.lock",
				"${PODS_ROOT}/Manifest.lock",
			);
			name = "[CP] Check Pods Manifest.lock";
			outputPaths = (
				"$(DERIVED_FILE_DIR)/Pods-iOSAddFlutterTests-checkManifestLockResult.txt",
			);
			runOnlyForDeploymentPostprocessing = 0;
			shellPath = /bin/sh;
			shellScript = "diff \"${PODS_PODFILE_DIR_PATH}/Podfile.lock\" \"${PODS_ROOT}/Manifest.lock\" > /dev/null\nif [ $? != 0 ] ; then\n    # print error to STDERR\n    echo \"error: The sandbox is not in sync with the Podfile.lock. Run 'pod install' or update your CocoaPods installation.\" >&2\n    exit 1\nfi\n# This output is used by Xcode 'outputs' to avoid re-running this script phase.\necho \"SUCCESS\" > \"${SCRIPT_OUTPUT_FILE_0}\"\n";
			showEnvVarsInLog = 0;
		};
		7B2E887251CEB41553D13322 /* [CP] Embed Pods Frameworks */ = {
			isa = PBXShellScriptBuildPhase;
			buildActionMask = 2147483647;
			files = (
			);
			inputPaths = (
				"${SRCROOT}/Pods/Target Support Files/Pods-iOSAddFlutter/Pods-iOSAddFlutter-frameworks.sh",
				"${PODS_ROOT}/../../flutter_module/.ios/Flutter/engine/Flutter.framework",
			);
			name = "[CP] Embed Pods Frameworks";
			outputPaths = (
				"${TARGET_BUILD_DIR}/${FRAMEWORKS_FOLDER_PATH}/Flutter.framework",
			);
			runOnlyForDeploymentPostprocessing = 0;
			shellPath = /bin/sh;
			shellScript = "\"${SRCROOT}/Pods/Target Support Files/Pods-iOSAddFlutter/Pods-iOSAddFlutter-frameworks.sh\"\n";
			showEnvVarsInLog = 0;
		};
		DD9097B39CA86508B6C3C1D4 /* [CP] Check Pods Manifest.lock */ = {
			isa = PBXShellScriptBuildPhase;
			buildActionMask = 2147483647;
			files = (
			);
			inputPaths = (
				"${PODS_PODFILE_DIR_PATH}/Podfile.lock",
				"${PODS_ROOT}/Manifest.lock",
			);
			name = "[CP] Check Pods Manifest.lock";
			outputPaths = (
				"$(DERIVED_FILE_DIR)/Pods-iOSAddFlutter-checkManifestLockResult.txt",
			);
			runOnlyForDeploymentPostprocessing = 0;
			shellPath = /bin/sh;
			shellScript = "diff \"${PODS_PODFILE_DIR_PATH}/Podfile.lock\" \"${PODS_ROOT}/Manifest.lock\" > /dev/null\nif [ $? != 0 ] ; then\n    # print error to STDERR\n    echo \"error: The sandbox is not in sync with the Podfile.lock. Run 'pod install' or update your CocoaPods installation.\" >&2\n    exit 1\nfi\n# This output is used by Xcode 'outputs' to avoid re-running this script phase.\necho \"SUCCESS\" > \"${SCRIPT_OUTPUT_FILE_0}\"\n";
			showEnvVarsInLog = 0;
		};
		FD534974B59942DE678BADDC /* [CP] Check Pods Manifest.lock */ = {
			isa = PBXShellScriptBuildPhase;
			buildActionMask = 2147483647;
			files = (
			);
			inputPaths = (
				"${PODS_PODFILE_DIR_PATH}/Podfile.lock",
				"${PODS_ROOT}/Manifest.lock",
			);
			name = "[CP] Check Pods Manifest.lock";
			outputPaths = (
				"$(DERIVED_FILE_DIR)/Pods-iOSAddFlutterUITests-checkManifestLockResult.txt",
			);
			runOnlyForDeploymentPostprocessing = 0;
			shellPath = /bin/sh;
			shellScript = "diff \"${PODS_PODFILE_DIR_PATH}/Podfile.lock\" \"${PODS_ROOT}/Manifest.lock\" > /dev/null\nif [ $? != 0 ] ; then\n    # print error to STDERR\n    echo \"error: The sandbox is not in sync with the Podfile.lock. Run 'pod install' or update your CocoaPods installation.\" >&2\n    exit 1\nfi\n# This output is used by Xcode 'outputs' to avoid re-running this script phase.\necho \"SUCCESS\" > \"${SCRIPT_OUTPUT_FILE_0}\"\n";
			showEnvVarsInLog = 0;
		};
/* End PBXShellScriptBuildPhase section */

/* Begin PBXSourcesBuildPhase section */
		6CAECADE229E52D20032EC7F /* Sources */ = {
			isa = PBXSourcesBuildPhase;
			buildActionMask = 2147483647;
			files = (
				6CAECAEA229E52D20032EC7F /* ViewController.m in Sources */,
				6CAECAF5229E52D30032EC7F /* main.m in Sources */,
				6CAECAE7229E52D20032EC7F /* AppDelegate.m in Sources */,
			);
			runOnlyForDeploymentPostprocessing = 0;
		};
		6CAECAF6229E52D30032EC7F /* Sources */ = {
			isa = PBXSourcesBuildPhase;
			buildActionMask = 2147483647;
			files = (
				6CAECAFF229E52D30032EC7F /* iOSAddFlutterTests.m in Sources */,
			);
			runOnlyForDeploymentPostprocessing = 0;
		};
		6CAECB01229E52D30032EC7F /* Sources */ = {
			isa = PBXSourcesBuildPhase;
			buildActionMask = 2147483647;
			files = (
				6CAECB0A229E52D30032EC7F /* iOSAddFlutterUITests.m in Sources */,
			);
			runOnlyForDeploymentPostprocessing = 0;
		};
/* End PBXSourcesBuildPhase section */

/* Begin PBXTargetDependency section */
		6CAECAFC229E52D30032EC7F /* PBXTargetDependency */ = {
			isa = PBXTargetDependency;
			target = 6CAECAE1229E52D20032EC7F /* iOSAddFlutter */;
			targetProxy = 6CAECAFB229E52D30032EC7F /* PBXContainerItemProxy */;
		};
		6CAECB07229E52D30032EC7F /* PBXTargetDependency */ = {
			isa = PBXTargetDependency;
			target = 6CAECAE1229E52D20032EC7F /* iOSAddFlutter */;
			targetProxy = 6CAECB06229E52D30032EC7F /* PBXContainerItemProxy */;
		};
/* End PBXTargetDependency section */

/* Begin PBXVariantGroup section */
		6CAECAEB229E52D20032EC7F /* Main.storyboard */ = {
			isa = PBXVariantGroup;
			children = (
				6CAECAEC229E52D20032EC7F /* Base */,
			);
			name = Main.storyboard;
			sourceTree = "<group>";
		};
		6CAECAF0229E52D30032EC7F /* LaunchScreen.storyboard */ = {
			isa = PBXVariantGroup;
			children = (
				6CAECAF1229E52D30032EC7F /* Base */,
			);
			name = LaunchScreen.storyboard;
			sourceTree = "<group>";
		};
/* End PBXVariantGroup section */

/* Begin XCBuildConfiguration section */
		6CAECB0C229E52D30032EC7F /* Debug */ = {
			isa = XCBuildConfiguration;
			buildSettings = {
				ALWAYS_SEARCH_USER_PATHS = NO;
				CLANG_ANALYZER_NONNULL = YES;
				CLANG_ANALYZER_NUMBER_OBJECT_CONVERSION = YES_AGGRESSIVE;
				CLANG_CXX_LANGUAGE_STANDARD = "gnu++14";
				CLANG_CXX_LIBRARY = "libc++";
				CLANG_ENABLE_MODULES = YES;
				CLANG_ENABLE_OBJC_ARC = YES;
				CLANG_ENABLE_OBJC_WEAK = YES;
				CLANG_WARN_BLOCK_CAPTURE_AUTORELEASING = YES;
				CLANG_WARN_BOOL_CONVERSION = YES;
				CLANG_WARN_COMMA = YES;
				CLANG_WARN_CONSTANT_CONVERSION = YES;
				CLANG_WARN_DEPRECATED_OBJC_IMPLEMENTATIONS = YES;
				CLANG_WARN_DIRECT_OBJC_ISA_USAGE = YES_ERROR;
				CLANG_WARN_DOCUMENTATION_COMMENTS = YES;
				CLANG_WARN_EMPTY_BODY = YES;
				CLANG_WARN_ENUM_CONVERSION = YES;
				CLANG_WARN_INFINITE_RECURSION = YES;
				CLANG_WARN_INT_CONVERSION = YES;
				CLANG_WARN_NON_LITERAL_NULL_CONVERSION = YES;
				CLANG_WARN_OBJC_IMPLICIT_RETAIN_SELF = YES;
				CLANG_WARN_OBJC_LITERAL_CONVERSION = YES;
				CLANG_WARN_OBJC_ROOT_CLASS = YES_ERROR;
				CLANG_WARN_RANGE_LOOP_ANALYSIS = YES;
				CLANG_WARN_STRICT_PROTOTYPES = YES;
				CLANG_WARN_SUSPICIOUS_MOVE = YES;
				CLANG_WARN_UNGUARDED_AVAILABILITY = YES_AGGRESSIVE;
				CLANG_WARN_UNREACHABLE_CODE = YES;
				CLANG_WARN__DUPLICATE_METHOD_MATCH = YES;
				CODE_SIGN_IDENTITY = "iPhone Developer";
				COPY_PHASE_STRIP = NO;
				DEBUG_INFORMATION_FORMAT = dwarf;
				ENABLE_STRICT_OBJC_MSGSEND = YES;
				ENABLE_TESTABILITY = YES;
				GCC_C_LANGUAGE_STANDARD = gnu11;
				GCC_DYNAMIC_NO_PIC = NO;
				GCC_NO_COMMON_BLOCKS = YES;
				GCC_OPTIMIZATION_LEVEL = 0;
				GCC_PREPROCESSOR_DEFINITIONS = (
					"DEBUG=1",
					"$(inherited)",
				);
				GCC_WARN_64_TO_32_BIT_CONVERSION = YES;
				GCC_WARN_ABOUT_RETURN_TYPE = YES_ERROR;
				GCC_WARN_UNDECLARED_SELECTOR = YES;
				GCC_WARN_UNINITIALIZED_AUTOS = YES_AGGRESSIVE;
				GCC_WARN_UNUSED_FUNCTION = YES;
				GCC_WARN_UNUSED_VARIABLE = YES;
				IPHONEOS_DEPLOYMENT_TARGET = 12.2;
				MTL_ENABLE_DEBUG_INFO = INCLUDE_SOURCE;
				MTL_FAST_MATH = YES;
				ONLY_ACTIVE_ARCH = YES;
				SDKROOT = iphoneos;
			};
			name = Debug;
		};
		6CAECB0D229E52D30032EC7F /* Release */ = {
			isa = XCBuildConfiguration;
			buildSettings = {
				ALWAYS_SEARCH_USER_PATHS = NO;
				CLANG_ANALYZER_NONNULL = YES;
				CLANG_ANALYZER_NUMBER_OBJECT_CONVERSION = YES_AGGRESSIVE;
				CLANG_CXX_LANGUAGE_STANDARD = "gnu++14";
				CLANG_CXX_LIBRARY = "libc++";
				CLANG_ENABLE_MODULES = YES;
				CLANG_ENABLE_OBJC_ARC = YES;
				CLANG_ENABLE_OBJC_WEAK = YES;
				CLANG_WARN_BLOCK_CAPTURE_AUTORELEASING = YES;
				CLANG_WARN_BOOL_CONVERSION = YES;
				CLANG_WARN_COMMA = YES;
				CLANG_WARN_CONSTANT_CONVERSION = YES;
				CLANG_WARN_DEPRECATED_OBJC_IMPLEMENTATIONS = YES;
				CLANG_WARN_DIRECT_OBJC_ISA_USAGE = YES_ERROR;
				CLANG_WARN_DOCUMENTATION_COMMENTS = YES;
				CLANG_WARN_EMPTY_BODY = YES;
				CLANG_WARN_ENUM_CONVERSION = YES;
				CLANG_WARN_INFINITE_RECURSION = YES;
				CLANG_WARN_INT_CONVERSION = YES;
				CLANG_WARN_NON_LITERAL_NULL_CONVERSION = YES;
				CLANG_WARN_OBJC_IMPLICIT_RETAIN_SELF = YES;
				CLANG_WARN_OBJC_LITERAL_CONVERSION = YES;
				CLANG_WARN_OBJC_ROOT_CLASS = YES_ERROR;
				CLANG_WARN_RANGE_LOOP_ANALYSIS = YES;
				CLANG_WARN_STRICT_PROTOTYPES = YES;
				CLANG_WARN_SUSPICIOUS_MOVE = YES;
				CLANG_WARN_UNGUARDED_AVAILABILITY = YES_AGGRESSIVE;
				CLANG_WARN_UNREACHABLE_CODE = YES;
				CLANG_WARN__DUPLICATE_METHOD_MATCH = YES;
				CODE_SIGN_IDENTITY = "iPhone Developer";
				COPY_PHASE_STRIP = NO;
				DEBUG_INFORMATION_FORMAT = "dwarf-with-dsym";
				ENABLE_NS_ASSERTIONS = NO;
				ENABLE_STRICT_OBJC_MSGSEND = YES;
				GCC_C_LANGUAGE_STANDARD = gnu11;
				GCC_NO_COMMON_BLOCKS = YES;
				GCC_WARN_64_TO_32_BIT_CONVERSION = YES;
				GCC_WARN_ABOUT_RETURN_TYPE = YES_ERROR;
				GCC_WARN_UNDECLARED_SELECTOR = YES;
				GCC_WARN_UNINITIALIZED_AUTOS = YES_AGGRESSIVE;
				GCC_WARN_UNUSED_FUNCTION = YES;
				GCC_WARN_UNUSED_VARIABLE = YES;
				IPHONEOS_DEPLOYMENT_TARGET = 12.2;
				MTL_ENABLE_DEBUG_INFO = NO;
				MTL_FAST_MATH = YES;
				SDKROOT = iphoneos;
				VALIDATE_PRODUCT = YES;
			};
			name = Release;
		};
		6CAECB0F229E52D30032EC7F /* Debug */ = {
			isa = XCBuildConfiguration;
			baseConfigurationReference = 7A10FB10F3EC3F9DF0F442B7 /* Pods-iOSAddFlutter.debug.xcconfig */;
			buildSettings = {
				ASSETCATALOG_COMPILER_APPICON_NAME = AppIcon;
				CODE_SIGN_STYLE = Automatic;
				ENABLE_BITCODE = NO;
				INFOPLIST_FILE = iOSAddFlutter/Info.plist;
				LD_RUNPATH_SEARCH_PATHS = (
					"$(inherited)",
					"@executable_path/Frameworks",
				);
				PRODUCT_BUNDLE_IDENTIFIER = NativeAddFlutter.iOSAddFlutter;
				PRODUCT_NAME = "$(TARGET_NAME)";
				TARGETED_DEVICE_FAMILY = "1,2";
			};
			name = Debug;
		};
		6CAECB10229E52D30032EC7F /* Release */ = {
			isa = XCBuildConfiguration;
			baseConfigurationReference = A61EF08DFFD141C7DF43F05C /* Pods-iOSAddFlutter.release.xcconfig */;
			buildSettings = {
				ASSETCATALOG_COMPILER_APPICON_NAME = AppIcon;
				CODE_SIGN_STYLE = Automatic;
				ENABLE_BITCODE = NO;
				INFOPLIST_FILE = iOSAddFlutter/Info.plist;
				LD_RUNPATH_SEARCH_PATHS = (
					"$(inherited)",
					"@executable_path/Frameworks",
				);
				PRODUCT_BUNDLE_IDENTIFIER = NativeAddFlutter.iOSAddFlutter;
				PRODUCT_NAME = "$(TARGET_NAME)";
				TARGETED_DEVICE_FAMILY = "1,2";
			};
			name = Release;
		};
		6CAECB12229E52D30032EC7F /* Debug */ = {
			isa = XCBuildConfiguration;
			baseConfigurationReference = D6CC469B134191A436FC8AD1 /* Pods-iOSAddFlutterTests.debug.xcconfig */;
			buildSettings = {
				BUNDLE_LOADER = "$(TEST_HOST)";
				CODE_SIGN_STYLE = Automatic;
				INFOPLIST_FILE = iOSAddFlutterTests/Info.plist;
				LD_RUNPATH_SEARCH_PATHS = (
					"$(inherited)",
					"@executable_path/Frameworks",
					"@loader_path/Frameworks",
				);
				PRODUCT_BUNDLE_IDENTIFIER = NativeAddFlutter.iOSAddFlutterTests;
				PRODUCT_NAME = "$(TARGET_NAME)";
				TARGETED_DEVICE_FAMILY = "1,2";
				TEST_HOST = "$(BUILT_PRODUCTS_DIR)/iOSAddFlutter.app/iOSAddFlutter";
			};
			name = Debug;
		};
		6CAECB13229E52D30032EC7F /* Release */ = {
			isa = XCBuildConfiguration;
			baseConfigurationReference = C3AD6FB9E0C9A6BFE8C2991E /* Pods-iOSAddFlutterTests.release.xcconfig */;
			buildSettings = {
				BUNDLE_LOADER = "$(TEST_HOST)";
				CODE_SIGN_STYLE = Automatic;
				INFOPLIST_FILE = iOSAddFlutterTests/Info.plist;
				LD_RUNPATH_SEARCH_PATHS = (
					"$(inherited)",
					"@executable_path/Frameworks",
					"@loader_path/Frameworks",
				);
				PRODUCT_BUNDLE_IDENTIFIER = NativeAddFlutter.iOSAddFlutterTests;
				PRODUCT_NAME = "$(TARGET_NAME)";
				TARGETED_DEVICE_FAMILY = "1,2";
				TEST_HOST = "$(BUILT_PRODUCTS_DIR)/iOSAddFlutter.app/iOSAddFlutter";
			};
			name = Release;
		};
		6CAECB15229E52D30032EC7F /* Debug */ = {
			isa = XCBuildConfiguration;
			baseConfigurationReference = 8AE8E7AB5DAC0815E3CE4DD0 /* Pods-iOSAddFlutterUITests.debug.xcconfig */;
			buildSettings = {
				CODE_SIGN_STYLE = Automatic;
				INFOPLIST_FILE = iOSAddFlutterUITests/Info.plist;
				LD_RUNPATH_SEARCH_PATHS = (
					"$(inherited)",
					"@executable_path/Frameworks",
					"@loader_path/Frameworks",
				);
				PRODUCT_BUNDLE_IDENTIFIER = NativeAddFlutter.iOSAddFlutterUITests;
				PRODUCT_NAME = "$(TARGET_NAME)";
				TARGETED_DEVICE_FAMILY = "1,2";
				TEST_TARGET_NAME = iOSAddFlutter;
			};
			name = Debug;
		};
		6CAECB16229E52D30032EC7F /* Release */ = {
			isa = XCBuildConfiguration;
			baseConfigurationReference = 53E583932C00EB8FFAB821FE /* Pods-iOSAddFlutterUITests.release.xcconfig */;
			buildSettings = {
				CODE_SIGN_STYLE = Automatic;
				INFOPLIST_FILE = iOSAddFlutterUITests/Info.plist;
				LD_RUNPATH_SEARCH_PATHS = (
					"$(inherited)",
					"@executable_path/Frameworks",
					"@loader_path/Frameworks",
				);
				PRODUCT_BUNDLE_IDENTIFIER = NativeAddFlutter.iOSAddFlutterUITests;
				PRODUCT_NAME = "$(TARGET_NAME)";
				TARGETED_DEVICE_FAMILY = "1,2";
				TEST_TARGET_NAME = iOSAddFlutter;
			};
			name = Release;
		};
/* End XCBuildConfiguration section */

/* Begin XCConfigurationList section */
		6CAECADD229E52D20032EC7F /* Build configuration list for PBXProject "iOSAddFlutter" */ = {
			isa = XCConfigurationList;
			buildConfigurations = (
				6CAECB0C229E52D30032EC7F /* Debug */,
				6CAECB0D229E52D30032EC7F /* Release */,
			);
			defaultConfigurationIsVisible = 0;
			defaultConfigurationName = Release;
		};
		6CAECB0E229E52D30032EC7F /* Build configuration list for PBXNativeTarget "iOSAddFlutter" */ = {
			isa = XCConfigurationList;
			buildConfigurations = (
				6CAECB0F229E52D30032EC7F /* Debug */,
				6CAECB10229E52D30032EC7F /* Release */,
			);
			defaultConfigurationIsVisible = 0;
			defaultConfigurationName = Release;
		};
		6CAECB11229E52D30032EC7F /* Build configuration list for PBXNativeTarget "iOSAddFlutterTests" */ = {
			isa = XCConfigurationList;
			buildConfigurations = (
				6CAECB12229E52D30032EC7F /* Debug */,
				6CAECB13229E52D30032EC7F /* Release */,
			);
			defaultConfigurationIsVisible = 0;
			defaultConfigurationName = Release;
		};
		6CAECB14229E52D30032EC7F /* Build configuration list for PBXNativeTarget "iOSAddFlutterUITests" */ = {
			isa = XCConfigurationList;
			buildConfigurations = (
				6CAECB15229E52D30032EC7F /* Debug */,
				6CAECB16229E52D30032EC7F /* Release */,
			);
			defaultConfigurationIsVisible = 0;
			defaultConfigurationName = Release;
		};
/* End XCConfigurationList section */
	};
	rootObject = 6CAECADA229E52D20032EC7F /* Project object */;
}
