PODS:
  - Flutter (1.0.0)

DEPENDENCIES:
  - Flutter (from `.symlinks/flutter/ios-release`)

EXTERNAL SOURCES:
  Flutter:
    :path: ".symlinks/flutter/ios-release"

SPEC CHECKSUMS:
  Flutter: 0e3d915762c693b495b44d77113d4970485de6ec

PODFILE CHECKSUM: 658d6d22c0f575d4dcfe0f96444333e0eb7d6ac2

COCOAPODS: 1.7.5
